
Microsoft Visual Studio Solution File, Format Version 12.00
# Visual Studio Version 17
VisualStudioVersion = 17.0.32014.148
MinimumVisualStudioVersion = 10.0.40219.1
Project("{FAE04EC0-301F-11D3-BF4B-00C04F79EFBC}") = "WpfTest", "WpfTest\WpfTest.csproj", "{B2E78C7B-B7ED-43AF-A12F-8A667438A724}"
EndProject
Project("{9A19103F-16F7-4668-BE54-9A1E7A4F7556}") = "CoreWpf", "CoreWpf\CoreWpf.csproj", "{78E56B4A-0C62-4BC4-A5D7-F95CDE51B98E}"
EndProject
Project("{9A19103F-16F7-4668-BE54-9A1E7A4F7556}") = "CoreWpfMemory", "CoreWpfMemory\CoreWpfMemory.csproj", "{E215D475-72BB-4C57-AC97-B59D35A50FD3}"
EndProject
Project("{9A19103F-16F7-4668-BE54-9A1E7A4F7556}") = "CoreWpfContextMenu", "CoreWpfContextMenu\CoreWpfContextMenu.csproj", "{45512DAD-F377-4BA4-8FF6-6EC4984050A9}"
EndProject
Project("{FAE04EC0-301F-11D3-BF4B-00C04F79EFBC}") = "WpfLocalization", "WpfLocalization\WpfLocalization.csproj", "{CA3F5F67-D237-4BE3-8C8E-91C637725EB0}"
EndProject
Project("{9A19103F-16F7-4668-BE54-9A1E7A4F7556}") = "CoreWpfLocalization", "CoreWpfLocalization\CoreWpfLocalization.csproj", "{FD573308-E337-45CB-804B-679FE9C28C46}"
EndProject
Project("{9A19103F-16F7-4668-BE54-9A1E7A4F7556}") = "WpfCombo", "WpfCombo\WpfCombo.csproj", "{BD156625-E068-4CF6-AC40-0899A62C6D6E}"
EndProject
Project("{9A19103F-16F7-4668-BE54-9A1E7A4F7556}") = "ReorderingListBoxSample", "ReorderingListBoxSample\ReorderingListBoxSample.csproj", "{236F5354-8356-49E6-958C-EBAE53AD4ED2}"
EndProject
Project("{9A19103F-16F7-4668-BE54-9A1E7A4F7556}") = "SqliteSample", "SqliteSample\SqliteSample.csproj", "{C7ACEFDE-334D-4CD9-85B0-128ABAFE719E}"
EndProject
Project("{FAE04EC0-301F-11D3-BF4B-00C04F79EFBC}") = "SQLiteSample2", "SQLiteSample2\SQLiteSample2.csproj", "{C2D20242-B13A-4031-A5FF-3B4703760D49}"
EndProject
Project("{9A19103F-16F7-4668-BE54-9A1E7A4F7556}") = "ResourceDictionarySample", "ResourceDictionarySample\ResourceDictionarySample.csproj", "{5D93384D-E5B1-4960-A4D7-24AAB48F2C16}"
EndProject
Project("{9A19103F-16F7-4668-BE54-9A1E7A4F7556}") = "ResourceDictionarySample2", "ResourceDictionarySample2\ResourceDictionarySample2.csproj", "{1EAB373B-FA7A-4DA2-93E2-C9C7BD0F782E}"
EndProject
Project("{9A19103F-16F7-4668-BE54-9A1E7A4F7556}") = "ListViewSample", "ListViewSample\ListViewSample.csproj", "{BE32ECA9-FCB2-43C2-BB31-28AC0D7F95E3}"
EndProject
Project("{9A19103F-16F7-4668-BE54-9A1E7A4F7556}") = "DataGridNumberColumn", "DataGridNumberColumn\DataGridNumberColumn.csproj", "{7609EEF8-6544-43D4-9618-B9D6D4C010D4}"
EndProject
Project("{9A19103F-16F7-4668-BE54-9A1E7A4F7556}") = "ListVsObservableCollection", "ListVsObservableCollection\ListVsObservableCollection.csproj", "{24FA1A7A-8271-464F-A3FF-F9B3919FEE00}"
EndProject
Project("{9A19103F-16F7-4668-BE54-9A1E7A4F7556}") = "BasicControlSample", "BasicControlSample\BasicControlSample.csproj", "{913B2509-A818-49FC-BB94-FB97D4367CD9}"
EndProject
Project("{9A19103F-16F7-4668-BE54-9A1E7A4F7556}") = "CreateBuildDate", "CreateBuildDate\CreateBuildDate.csproj", "{54094823-230B-43FE-A5EF-C5693DA04951}"
EndProject
Project("{9A19103F-16F7-4668-BE54-9A1E7A4F7556}") = "BackgroundServiceSample", "BackgroundServiceSample\BackgroundServiceSample.csproj", "{C0FAB66F-CD76-41FC-95BF-1D463A2EEF65}"
EndProject
Project("{9A19103F-16F7-4668-BE54-9A1E7A4F7556}") = "EventAsyncSample", "EventAsyncSample\EventAsyncSample.csproj", "{17B818B8-8F23-455F-A3C4-E7108360DEAD}"
EndProject
Project("{9A19103F-16F7-4668-BE54-9A1E7A4F7556}") = "LargeFileReadSample", "LargeFileReadSample\LargeFileReadSample.csproj", "{A8A1562B-8BB5-4D0D-822C-A25CD2119042}"
EndProject
Project("{9A19103F-16F7-4668-BE54-9A1E7A4F7556}") = "MetroStudioSample", "MetroStudioSample\MetroStudioSample.csproj", "{1123C968-D573-4336-BE30-2F913E5CC2FC}"
EndProject
Project("{9A19103F-16F7-4668-BE54-9A1E7A4F7556}") = "DependencyInversionSample", "DependencyInversionSample\DependencyInversionSample.csproj", "{51C3C96D-11E9-4BC1-AF34-A32A6F78611B}"
EndProject
Project("{9A19103F-16F7-4668-BE54-9A1E7A4F7556}") = "DependencyInversionSample.Common", "DependencyInversionSample.Common\DependencyInversionSample.Common.csproj", "{B68494A2-3CD0-4680-A69B-5B6C34D7BB44}"
EndProject
Project("{9A19103F-16F7-4668-BE54-9A1E7A4F7556}") = "CrudSample.Event", "CrudSample.Event\CrudSample.Event.csproj", "{A25BDD95-7496-46AF-BBA1-C1317BA7F5AA}"
EndProject
Project("{9A19103F-16F7-4668-BE54-9A1E7A4F7556}") = "CrudSample.Core", "CrudSample.Core\CrudSample.Core.csproj", "{1E9233B7-5BA3-4B0D-B803-904AE2B8C5F5}"
EndProject
Project("{2150E333-8FDC-42A3-9474-1A3956D46DE8}") = "CrudSample", "CrudSample", "{041FB55F-7ED6-4055-852E-38D555F3FA2C}"
EndProject
Project("{2150E333-8FDC-42A3-9474-1A3956D46DE8}") = "DependencyInversion", "DependencyInversion", "{7535AC2F-2955-47DA-AB2A-E75111782A7F}"
EndProject
Project("{2150E333-8FDC-42A3-9474-1A3956D46DE8}") = "ResourceDictionary", "ResourceDictionary", "{D2CD47F4-579A-4B2C-A783-3D10BD9392C6}"
EndProject
Project("{9A19103F-16F7-4668-BE54-9A1E7A4F7556}") = "CrudSample.Mvvm", "CrudSample.Mvvm\CrudSample.Mvvm.csproj", "{80426636-28AA-4D5F-8C9F-FB907DA635DC}"
EndProject
Project("{2150E333-8FDC-42A3-9474-1A3956D46DE8}") = "Binding", "Binding", "{F560DCEC-D860-428C-B472-DCC6C4245729}"
EndProject
Project("{9A19103F-16F7-4668-BE54-9A1E7A4F7556}") = "BindingSample", "BindingSample\BindingSample.csproj", "{439AEA18-F347-4FDD-B483-3250BEBB2DBC}"
EndProject
Project("{9A19103F-16F7-4668-BE54-9A1E7A4F7556}") = "ElementNameSample", "ElementNameSample\ElementNameSample.csproj", "{16BABB14-7127-4C46-AFC8-EA7C8D6EE754}"
EndProject
Project("{9A19103F-16F7-4668-BE54-9A1E7A4F7556}") = "SourceSample", "SourceSample\SourceSample.csproj", "{14F5E4EB-95EB-4AFE-A578-DE58B9E23E29}"
EndProject
Project("{2150E333-8FDC-42A3-9474-1A3956D46DE8}") = "Converter", "Converter", "{1E83F664-9660-4189-A7E5-4A600071DE79}"
EndProject
Project("{9A19103F-16F7-4668-BE54-9A1E7A4F7556}") = "ConverterSample", "ConverterSample\ConverterSample.csproj", "{058EF1EE-4C10-4AFB-8B8A-F4CFB2788938}"
EndProject
Project("{2150E333-8FDC-42A3-9474-1A3956D46DE8}") = "Command", "Command", "{DAE80D34-B19E-4A06-A7C3-00A2CA1B24F7}"
EndProject
Project("{9A19103F-16F7-4668-BE54-9A1E7A4F7556}") = "CommandSample", "CommandSample\CommandSample.csproj", "{E892F1B0-44E2-4571-9F5D-2C40D5206E76}"
EndProject
Project("{2150E333-8FDC-42A3-9474-1A3956D46DE8}") = "Behavior", "Behavior", "{336A98BB-E373-445B-924D-F89B113E4C40}"
EndProject
Project("{9A19103F-16F7-4668-BE54-9A1E7A4F7556}") = "BehaviorSample", "BehaviorSample\BehaviorSample.csproj", "{FD85C037-4210-4A6C-B567-E9F186577FEB}"
EndProject
Project("{2150E333-8FDC-42A3-9474-1A3956D46DE8}") = "Template", "Template", "{47D72E55-BAFF-417F-9062-4CAF52A4EFD2}"
EndProject
Project("{9A19103F-16F7-4668-BE54-9A1E7A4F7556}") = "TemplateSample", "TemplateSample\TemplateSample.csproj", "{5EBD7C4E-5D35-4905-B7A7-DDA375964F22}"
EndProject
Project("{9A19103F-16F7-4668-BE54-9A1E7A4F7556}") = "SelectorSample", "SelectorSample\SelectorSample.csproj", "{607795E0-5A8C-4631-A2F4-E993277C0B9A}"
EndProject
Project("{2150E333-8FDC-42A3-9474-1A3956D46DE8}") = "Selectors", "Selectors", "{BA7C5EDB-6A3C-4FC0-99FE-B164A146CA43}"
EndProject
Project("{2150E333-8FDC-42A3-9474-1A3956D46DE8}") = "CustomControl", "CustomControl", "{EA124F71-DCA3-4390-97B1-240855635721}"
EndProject
Project("{9A19103F-16F7-4668-BE54-9A1E7A4F7556}") = "CustomControlSample", "CustomControlSample\CustomControlSample.csproj", "{20A8C864-47F9-435F-AE01-C5B9719EEBE1}"
EndProject
Project("{2150E333-8FDC-42A3-9474-1A3956D46DE8}") = "PrismLibrary", "PrismLibrary", "{B549E8C5-C9E4-45A9-9292-1050E99B723C}"
EndProject
Project("{9A19103F-16F7-4668-BE54-9A1E7A4F7556}") = "PrismStep1", "PrismStep1\PrismStep1.csproj", "{8D5EB5DF-2876-45EA-B77A-E199F86FD1C8}"
EndProject
Project("{9A19103F-16F7-4668-BE54-9A1E7A4F7556}") = "PrismStep2", "PrismStep2\PrismStep2.csproj", "{9CFBFDFB-E03F-4FFA-84F6-996F75E1FC64}"
EndProject
Project("{9A19103F-16F7-4668-BE54-9A1E7A4F7556}") = "PrismStep3", "PrismStep3\PrismStep3.csproj", "{A3D8F6E1-29E4-4A4B-BD86-2BD55FBCD0BF}"
EndProject
Project("{FAE04EC0-301F-11D3-BF4B-00C04F79EFBC}") = "PrismStep4", "PrismStep4\PrismStep4.csproj", "{4F91CCB8-5E78-4779-A273-CF752831CEE4}"
EndProject
Global
	GlobalSection(SolutionConfigurationPlatforms) = preSolution
		Debug|Any CPU = Debug|Any CPU
		Debug|ARM = Debug|ARM
		Debug|ARM64 = Debug|ARM64
		Debug|x64 = Debug|x64
		Debug|x86 = Debug|x86
		Release|Any CPU = Release|Any CPU
		Release|ARM = Release|ARM
		Release|ARM64 = Release|ARM64
		Release|x64 = Release|x64
		Release|x86 = Release|x86
	EndGlobalSection
	GlobalSection(ProjectConfigurationPlatforms) = postSolution
		{B2E78C7B-B7ED-43AF-A12F-8A667438A724}.Debug|Any CPU.ActiveCfg = Debug|Any CPU
		{B2E78C7B-B7ED-43AF-A12F-8A667438A724}.Debug|Any CPU.Build.0 = Debug|Any CPU
		{B2E78C7B-B7ED-43AF-A12F-8A667438A724}.Debug|ARM.ActiveCfg = Debug|Any CPU
		{B2E78C7B-B7ED-43AF-A12F-8A667438A724}.Debug|ARM.Build.0 = Debug|Any CPU
		{B2E78C7B-B7ED-43AF-A12F-8A667438A724}.Debug|ARM64.ActiveCfg = Debug|Any CPU
		{B2E78C7B-B7ED-43AF-A12F-8A667438A724}.Debug|ARM64.Build.0 = Debug|Any CPU
		{B2E78C7B-B7ED-43AF-A12F-8A667438A724}.Debug|x64.ActiveCfg = Debug|Any CPU
		{B2E78C7B-B7ED-43AF-A12F-8A667438A724}.Debug|x64.Build.0 = Debug|Any CPU
		{B2E78C7B-B7ED-43AF-A12F-8A667438A724}.Debug|x86.ActiveCfg = Debug|Any CPU
		{B2E78C7B-B7ED-43AF-A12F-8A667438A724}.Debug|x86.Build.0 = Debug|Any CPU
		{B2E78C7B-B7ED-43AF-A12F-8A667438A724}.Release|Any CPU.ActiveCfg = Release|Any CPU
		{B2E78C7B-B7ED-43AF-A12F-8A667438A724}.Release|Any CPU.Build.0 = Release|Any CPU
		{B2E78C7B-B7ED-43AF-A12F-8A667438A724}.Release|ARM.ActiveCfg = Release|Any CPU
		{B2E78C7B-B7ED-43AF-A12F-8A667438A724}.Release|ARM.Build.0 = Release|Any CPU
		{B2E78C7B-B7ED-43AF-A12F-8A667438A724}.Release|ARM64.ActiveCfg = Release|Any CPU
		{B2E78C7B-B7ED-43AF-A12F-8A667438A724}.Release|ARM64.Build.0 = Release|Any CPU
		{B2E78C7B-B7ED-43AF-A12F-8A667438A724}.Release|x64.ActiveCfg = Release|Any CPU
		{B2E78C7B-B7ED-43AF-A12F-8A667438A724}.Release|x64.Build.0 = Release|Any CPU
		{B2E78C7B-B7ED-43AF-A12F-8A667438A724}.Release|x86.ActiveCfg = Release|Any CPU
		{B2E78C7B-B7ED-43AF-A12F-8A667438A724}.Release|x86.Build.0 = Release|Any CPU
		{78E56B4A-0C62-4BC4-A5D7-F95CDE51B98E}.Debug|Any CPU.ActiveCfg = Debug|Any CPU
		{78E56B4A-0C62-4BC4-A5D7-F95CDE51B98E}.Debug|Any CPU.Build.0 = Debug|Any CPU
		{78E56B4A-0C62-4BC4-A5D7-F95CDE51B98E}.Debug|ARM.ActiveCfg = Debug|Any CPU
		{78E56B4A-0C62-4BC4-A5D7-F95CDE51B98E}.Debug|ARM.Build.0 = Debug|Any CPU
		{78E56B4A-0C62-4BC4-A5D7-F95CDE51B98E}.Debug|ARM64.ActiveCfg = Debug|Any CPU
		{78E56B4A-0C62-4BC4-A5D7-F95CDE51B98E}.Debug|ARM64.Build.0 = Debug|Any CPU
		{78E56B4A-0C62-4BC4-A5D7-F95CDE51B98E}.Debug|x64.ActiveCfg = Debug|Any CPU
		{78E56B4A-0C62-4BC4-A5D7-F95CDE51B98E}.Debug|x64.Build.0 = Debug|Any CPU
		{78E56B4A-0C62-4BC4-A5D7-F95CDE51B98E}.Debug|x86.ActiveCfg = Debug|Any CPU
		{78E56B4A-0C62-4BC4-A5D7-F95CDE51B98E}.Debug|x86.Build.0 = Debug|Any CPU
		{78E56B4A-0C62-4BC4-A5D7-F95CDE51B98E}.Release|Any CPU.ActiveCfg = Release|Any CPU
		{78E56B4A-0C62-4BC4-A5D7-F95CDE51B98E}.Release|Any CPU.Build.0 = Release|Any CPU
		{78E56B4A-0C62-4BC4-A5D7-F95CDE51B98E}.Release|ARM.ActiveCfg = Release|Any CPU
		{78E56B4A-0C62-4BC4-A5D7-F95CDE51B98E}.Release|ARM.Build.0 = Release|Any CPU
		{78E56B4A-0C62-4BC4-A5D7-F95CDE51B98E}.Release|ARM64.ActiveCfg = Release|Any CPU
		{78E56B4A-0C62-4BC4-A5D7-F95CDE51B98E}.Release|ARM64.Build.0 = Release|Any CPU
		{78E56B4A-0C62-4BC4-A5D7-F95CDE51B98E}.Release|x64.ActiveCfg = Release|Any CPU
		{78E56B4A-0C62-4BC4-A5D7-F95CDE51B98E}.Release|x64.Build.0 = Release|Any CPU
		{78E56B4A-0C62-4BC4-A5D7-F95CDE51B98E}.Release|x86.ActiveCfg = Release|Any CPU
		{78E56B4A-0C62-4BC4-A5D7-F95CDE51B98E}.Release|x86.Build.0 = Release|Any CPU
		{E215D475-72BB-4C57-AC97-B59D35A50FD3}.Debug|Any CPU.ActiveCfg = Debug|Any CPU
		{E215D475-72BB-4C57-AC97-B59D35A50FD3}.Debug|Any CPU.Build.0 = Debug|Any CPU
		{E215D475-72BB-4C57-AC97-B59D35A50FD3}.Debug|ARM.ActiveCfg = Debug|Any CPU
		{E215D475-72BB-4C57-AC97-B59D35A50FD3}.Debug|ARM.Build.0 = Debug|Any CPU
		{E215D475-72BB-4C57-AC97-B59D35A50FD3}.Debug|ARM64.ActiveCfg = Debug|Any CPU
		{E215D475-72BB-4C57-AC97-B59D35A50FD3}.Debug|ARM64.Build.0 = Debug|Any CPU
		{E215D475-72BB-4C57-AC97-B59D35A50FD3}.Debug|x64.ActiveCfg = Debug|Any CPU
		{E215D475-72BB-4C57-AC97-B59D35A50FD3}.Debug|x64.Build.0 = Debug|Any CPU
		{E215D475-72BB-4C57-AC97-B59D35A50FD3}.Debug|x86.ActiveCfg = Debug|Any CPU
		{E215D475-72BB-4C57-AC97-B59D35A50FD3}.Debug|x86.Build.0 = Debug|Any CPU
		{E215D475-72BB-4C57-AC97-B59D35A50FD3}.Release|Any CPU.ActiveCfg = Release|Any CPU
		{E215D475-72BB-4C57-AC97-B59D35A50FD3}.Release|Any CPU.Build.0 = Release|Any CPU
		{E215D475-72BB-4C57-AC97-B59D35A50FD3}.Release|ARM.ActiveCfg = Release|Any CPU
		{E215D475-72BB-4C57-AC97-B59D35A50FD3}.Release|ARM.Build.0 = Release|Any CPU
		{E215D475-72BB-4C57-AC97-B59D35A50FD3}.Release|ARM64.ActiveCfg = Release|Any CPU
		{E215D475-72BB-4C57-AC97-B59D35A50FD3}.Release|ARM64.Build.0 = Release|Any CPU
		{E215D475-72BB-4C57-AC97-B59D35A50FD3}.Release|x64.ActiveCfg = Release|Any CPU
		{E215D475-72BB-4C57-AC97-B59D35A50FD3}.Release|x64.Build.0 = Release|Any CPU
		{E215D475-72BB-4C57-AC97-B59D35A50FD3}.Release|x86.ActiveCfg = Release|Any CPU
		{E215D475-72BB-4C57-AC97-B59D35A50FD3}.Release|x86.Build.0 = Release|Any CPU
		{45512DAD-F377-4BA4-8FF6-6EC4984050A9}.Debug|Any CPU.ActiveCfg = Debug|Any CPU
		{45512DAD-F377-4BA4-8FF6-6EC4984050A9}.Debug|Any CPU.Build.0 = Debug|Any CPU
		{45512DAD-F377-4BA4-8FF6-6EC4984050A9}.Debug|ARM.ActiveCfg = Debug|Any CPU
		{45512DAD-F377-4BA4-8FF6-6EC4984050A9}.Debug|ARM.Build.0 = Debug|Any CPU
		{45512DAD-F377-4BA4-8FF6-6EC4984050A9}.Debug|ARM64.ActiveCfg = Debug|Any CPU
		{45512DAD-F377-4BA4-8FF6-6EC4984050A9}.Debug|ARM64.Build.0 = Debug|Any CPU
		{45512DAD-F377-4BA4-8FF6-6EC4984050A9}.Debug|x64.ActiveCfg = Debug|Any CPU
		{45512DAD-F377-4BA4-8FF6-6EC4984050A9}.Debug|x64.Build.0 = Debug|Any CPU
		{45512DAD-F377-4BA4-8FF6-6EC4984050A9}.Debug|x86.ActiveCfg = Debug|Any CPU
		{45512DAD-F377-4BA4-8FF6-6EC4984050A9}.Debug|x86.Build.0 = Debug|Any CPU
		{45512DAD-F377-4BA4-8FF6-6EC4984050A9}.Release|Any CPU.ActiveCfg = Release|Any CPU
		{45512DAD-F377-4BA4-8FF6-6EC4984050A9}.Release|Any CPU.Build.0 = Release|Any CPU
		{45512DAD-F377-4BA4-8FF6-6EC4984050A9}.Release|ARM.ActiveCfg = Release|Any CPU
		{45512DAD-F377-4BA4-8FF6-6EC4984050A9}.Release|ARM.Build.0 = Release|Any CPU
		{45512DAD-F377-4BA4-8FF6-6EC4984050A9}.Release|ARM64.ActiveCfg = Release|Any CPU
		{45512DAD-F377-4BA4-8FF6-6EC4984050A9}.Release|ARM64.Build.0 = Release|Any CPU
		{45512DAD-F377-4BA4-8FF6-6EC4984050A9}.Release|x64.ActiveCfg = Release|Any CPU
		{45512DAD-F377-4BA4-8FF6-6EC4984050A9}.Release|x64.Build.0 = Release|Any CPU
		{45512DAD-F377-4BA4-8FF6-6EC4984050A9}.Release|x86.ActiveCfg = Release|Any CPU
		{45512DAD-F377-4BA4-8FF6-6EC4984050A9}.Release|x86.Build.0 = Release|Any CPU
		{CA3F5F67-D237-4BE3-8C8E-91C637725EB0}.Debug|Any CPU.ActiveCfg = Debug|Any CPU
		{CA3F5F67-D237-4BE3-8C8E-91C637725EB0}.Debug|Any CPU.Build.0 = Debug|Any CPU
		{CA3F5F67-D237-4BE3-8C8E-91C637725EB0}.Debug|ARM.ActiveCfg = Debug|Any CPU
		{CA3F5F67-D237-4BE3-8C8E-91C637725EB0}.Debug|ARM.Build.0 = Debug|Any CPU
		{CA3F5F67-D237-4BE3-8C8E-91C637725EB0}.Debug|ARM64.ActiveCfg = Debug|Any CPU
		{CA3F5F67-D237-4BE3-8C8E-91C637725EB0}.Debug|ARM64.Build.0 = Debug|Any CPU
		{CA3F5F67-D237-4BE3-8C8E-91C637725EB0}.Debug|x64.ActiveCfg = Debug|Any CPU
		{CA3F5F67-D237-4BE3-8C8E-91C637725EB0}.Debug|x64.Build.0 = Debug|Any CPU
		{CA3F5F67-D237-4BE3-8C8E-91C637725EB0}.Debug|x86.ActiveCfg = Debug|Any CPU
		{CA3F5F67-D237-4BE3-8C8E-91C637725EB0}.Debug|x86.Build.0 = Debug|Any CPU
		{CA3F5F67-D237-4BE3-8C8E-91C637725EB0}.Release|Any CPU.ActiveCfg = Release|Any CPU
		{CA3F5F67-D237-4BE3-8C8E-91C637725EB0}.Release|Any CPU.Build.0 = Release|Any CPU
		{CA3F5F67-D237-4BE3-8C8E-91C637725EB0}.Release|ARM.ActiveCfg = Release|Any CPU
		{CA3F5F67-D237-4BE3-8C8E-91C637725EB0}.Release|ARM.Build.0 = Release|Any CPU
		{CA3F5F67-D237-4BE3-8C8E-91C637725EB0}.Release|ARM64.ActiveCfg = Release|Any CPU
		{CA3F5F67-D237-4BE3-8C8E-91C637725EB0}.Release|ARM64.Build.0 = Release|Any CPU
		{CA3F5F67-D237-4BE3-8C8E-91C637725EB0}.Release|x64.ActiveCfg = Release|Any CPU
		{CA3F5F67-D237-4BE3-8C8E-91C637725EB0}.Release|x64.Build.0 = Release|Any CPU
		{CA3F5F67-D237-4BE3-8C8E-91C637725EB0}.Release|x86.ActiveCfg = Release|Any CPU
		{CA3F5F67-D237-4BE3-8C8E-91C637725EB0}.Release|x86.Build.0 = Release|Any CPU
		{FD573308-E337-45CB-804B-679FE9C28C46}.Debug|Any CPU.ActiveCfg = Debug|Any CPU
		{FD573308-E337-45CB-804B-679FE9C28C46}.Debug|Any CPU.Build.0 = Debug|Any CPU
		{FD573308-E337-45CB-804B-679FE9C28C46}.Debug|ARM.ActiveCfg = Debug|Any CPU
		{FD573308-E337-45CB-804B-679FE9C28C46}.Debug|ARM.Build.0 = Debug|Any CPU
		{FD573308-E337-45CB-804B-679FE9C28C46}.Debug|ARM64.ActiveCfg = Debug|Any CPU
		{FD573308-E337-45CB-804B-679FE9C28C46}.Debug|ARM64.Build.0 = Debug|Any CPU
		{FD573308-E337-45CB-804B-679FE9C28C46}.Debug|x64.ActiveCfg = Debug|Any CPU
		{FD573308-E337-45CB-804B-679FE9C28C46}.Debug|x64.Build.0 = Debug|Any CPU
		{FD573308-E337-45CB-804B-679FE9C28C46}.Debug|x86.ActiveCfg = Debug|Any CPU
		{FD573308-E337-45CB-804B-679FE9C28C46}.Debug|x86.Build.0 = Debug|Any CPU
		{FD573308-E337-45CB-804B-679FE9C28C46}.Release|Any CPU.ActiveCfg = Release|Any CPU
		{FD573308-E337-45CB-804B-679FE9C28C46}.Release|Any CPU.Build.0 = Release|Any CPU
		{FD573308-E337-45CB-804B-679FE9C28C46}.Release|ARM.ActiveCfg = Release|Any CPU
		{FD573308-E337-45CB-804B-679FE9C28C46}.Release|ARM.Build.0 = Release|Any CPU
		{FD573308-E337-45CB-804B-679FE9C28C46}.Release|ARM64.ActiveCfg = Release|Any CPU
		{FD573308-E337-45CB-804B-679FE9C28C46}.Release|ARM64.Build.0 = Release|Any CPU
		{FD573308-E337-45CB-804B-679FE9C28C46}.Release|x64.ActiveCfg = Release|Any CPU
		{FD573308-E337-45CB-804B-679FE9C28C46}.Release|x64.Build.0 = Release|Any CPU
		{FD573308-E337-45CB-804B-679FE9C28C46}.Release|x86.ActiveCfg = Release|Any CPU
		{FD573308-E337-45CB-804B-679FE9C28C46}.Release|x86.Build.0 = Release|Any CPU
		{BD156625-E068-4CF6-AC40-0899A62C6D6E}.Debug|Any CPU.ActiveCfg = Debug|Any CPU
		{BD156625-E068-4CF6-AC40-0899A62C6D6E}.Debug|Any CPU.Build.0 = Debug|Any CPU
		{BD156625-E068-4CF6-AC40-0899A62C6D6E}.Debug|ARM.ActiveCfg = Debug|Any CPU
		{BD156625-E068-4CF6-AC40-0899A62C6D6E}.Debug|ARM.Build.0 = Debug|Any CPU
		{BD156625-E068-4CF6-AC40-0899A62C6D6E}.Debug|ARM64.ActiveCfg = Debug|Any CPU
		{BD156625-E068-4CF6-AC40-0899A62C6D6E}.Debug|ARM64.Build.0 = Debug|Any CPU
		{BD156625-E068-4CF6-AC40-0899A62C6D6E}.Debug|x64.ActiveCfg = Debug|Any CPU
		{BD156625-E068-4CF6-AC40-0899A62C6D6E}.Debug|x64.Build.0 = Debug|Any CPU
		{BD156625-E068-4CF6-AC40-0899A62C6D6E}.Debug|x86.ActiveCfg = Debug|Any CPU
		{BD156625-E068-4CF6-AC40-0899A62C6D6E}.Debug|x86.Build.0 = Debug|Any CPU
		{BD156625-E068-4CF6-AC40-0899A62C6D6E}.Release|Any CPU.ActiveCfg = Release|Any CPU
		{BD156625-E068-4CF6-AC40-0899A62C6D6E}.Release|Any CPU.Build.0 = Release|Any CPU
		{BD156625-E068-4CF6-AC40-0899A62C6D6E}.Release|ARM.ActiveCfg = Release|Any CPU
		{BD156625-E068-4CF6-AC40-0899A62C6D6E}.Release|ARM.Build.0 = Release|Any CPU
		{BD156625-E068-4CF6-AC40-0899A62C6D6E}.Release|ARM64.ActiveCfg = Release|Any CPU
		{BD156625-E068-4CF6-AC40-0899A62C6D6E}.Release|ARM64.Build.0 = Release|Any CPU
		{BD156625-E068-4CF6-AC40-0899A62C6D6E}.Release|x64.ActiveCfg = Release|Any CPU
		{BD156625-E068-4CF6-AC40-0899A62C6D6E}.Release|x64.Build.0 = Release|Any CPU
		{BD156625-E068-4CF6-AC40-0899A62C6D6E}.Release|x86.ActiveCfg = Release|Any CPU
		{BD156625-E068-4CF6-AC40-0899A62C6D6E}.Release|x86.Build.0 = Release|Any CPU
		{236F5354-8356-49E6-958C-EBAE53AD4ED2}.Debug|Any CPU.ActiveCfg = Debug|Any CPU
		{236F5354-8356-49E6-958C-EBAE53AD4ED2}.Debug|Any CPU.Build.0 = Debug|Any CPU
		{236F5354-8356-49E6-958C-EBAE53AD4ED2}.Debug|ARM.ActiveCfg = Debug|Any CPU
		{236F5354-8356-49E6-958C-EBAE53AD4ED2}.Debug|ARM.Build.0 = Debug|Any CPU
		{236F5354-8356-49E6-958C-EBAE53AD4ED2}.Debug|ARM64.ActiveCfg = Debug|Any CPU
		{236F5354-8356-49E6-958C-EBAE53AD4ED2}.Debug|ARM64.Build.0 = Debug|Any CPU
		{236F5354-8356-49E6-958C-EBAE53AD4ED2}.Debug|x64.ActiveCfg = Debug|Any CPU
		{236F5354-8356-49E6-958C-EBAE53AD4ED2}.Debug|x64.Build.0 = Debug|Any CPU
		{236F5354-8356-49E6-958C-EBAE53AD4ED2}.Debug|x86.ActiveCfg = Debug|Any CPU
		{236F5354-8356-49E6-958C-EBAE53AD4ED2}.Debug|x86.Build.0 = Debug|Any CPU
		{236F5354-8356-49E6-958C-EBAE53AD4ED2}.Release|Any CPU.ActiveCfg = Release|Any CPU
		{236F5354-8356-49E6-958C-EBAE53AD4ED2}.Release|Any CPU.Build.0 = Release|Any CPU
		{236F5354-8356-49E6-958C-EBAE53AD4ED2}.Release|ARM.ActiveCfg = Release|Any CPU
		{236F5354-8356-49E6-958C-EBAE53AD4ED2}.Release|ARM.Build.0 = Release|Any CPU
		{236F5354-8356-49E6-958C-EBAE53AD4ED2}.Release|ARM64.ActiveCfg = Release|Any CPU
		{236F5354-8356-49E6-958C-EBAE53AD4ED2}.Release|ARM64.Build.0 = Release|Any CPU
		{236F5354-8356-49E6-958C-EBAE53AD4ED2}.Release|x64.ActiveCfg = Release|Any CPU
		{236F5354-8356-49E6-958C-EBAE53AD4ED2}.Release|x64.Build.0 = Release|Any CPU
		{236F5354-8356-49E6-958C-EBAE53AD4ED2}.Release|x86.ActiveCfg = Release|Any CPU
		{236F5354-8356-49E6-958C-EBAE53AD4ED2}.Release|x86.Build.0 = Release|Any CPU
		{C7ACEFDE-334D-4CD9-85B0-128ABAFE719E}.Debug|Any CPU.ActiveCfg = Debug|Any CPU
		{C7ACEFDE-334D-4CD9-85B0-128ABAFE719E}.Debug|Any CPU.Build.0 = Debug|Any CPU
		{C7ACEFDE-334D-4CD9-85B0-128ABAFE719E}.Debug|ARM.ActiveCfg = Debug|Any CPU
		{C7ACEFDE-334D-4CD9-85B0-128ABAFE719E}.Debug|ARM.Build.0 = Debug|Any CPU
		{C7ACEFDE-334D-4CD9-85B0-128ABAFE719E}.Debug|ARM64.ActiveCfg = Debug|Any CPU
		{C7ACEFDE-334D-4CD9-85B0-128ABAFE719E}.Debug|ARM64.Build.0 = Debug|Any CPU
		{C7ACEFDE-334D-4CD9-85B0-128ABAFE719E}.Debug|x64.ActiveCfg = Debug|Any CPU
		{C7ACEFDE-334D-4CD9-85B0-128ABAFE719E}.Debug|x64.Build.0 = Debug|Any CPU
		{C7ACEFDE-334D-4CD9-85B0-128ABAFE719E}.Debug|x86.ActiveCfg = Debug|Any CPU
		{C7ACEFDE-334D-4CD9-85B0-128ABAFE719E}.Debug|x86.Build.0 = Debug|Any CPU
		{C7ACEFDE-334D-4CD9-85B0-128ABAFE719E}.Release|Any CPU.ActiveCfg = Release|Any CPU
		{C7ACEFDE-334D-4CD9-85B0-128ABAFE719E}.Release|Any CPU.Build.0 = Release|Any CPU
		{C7ACEFDE-334D-4CD9-85B0-128ABAFE719E}.Release|ARM.ActiveCfg = Release|Any CPU
		{C7ACEFDE-334D-4CD9-85B0-128ABAFE719E}.Release|ARM.Build.0 = Release|Any CPU
		{C7ACEFDE-334D-4CD9-85B0-128ABAFE719E}.Release|ARM64.ActiveCfg = Release|Any CPU
		{C7ACEFDE-334D-4CD9-85B0-128ABAFE719E}.Release|ARM64.Build.0 = Release|Any CPU
		{C7ACEFDE-334D-4CD9-85B0-128ABAFE719E}.Release|x64.ActiveCfg = Release|Any CPU
		{C7ACEFDE-334D-4CD9-85B0-128ABAFE719E}.Release|x64.Build.0 = Release|Any CPU
		{C7ACEFDE-334D-4CD9-85B0-128ABAFE719E}.Release|x86.ActiveCfg = Release|Any CPU
		{C7ACEFDE-334D-4CD9-85B0-128ABAFE719E}.Release|x86.Build.0 = Release|Any CPU
		{C2D20242-B13A-4031-A5FF-3B4703760D49}.Debug|Any CPU.ActiveCfg = Debug|Any CPU
		{C2D20242-B13A-4031-A5FF-3B4703760D49}.Debug|Any CPU.Build.0 = Debug|Any CPU
		{C2D20242-B13A-4031-A5FF-3B4703760D49}.Debug|ARM.ActiveCfg = Debug|Any CPU
		{C2D20242-B13A-4031-A5FF-3B4703760D49}.Debug|ARM.Build.0 = Debug|Any CPU
		{C2D20242-B13A-4031-A5FF-3B4703760D49}.Debug|ARM64.ActiveCfg = Debug|Any CPU
		{C2D20242-B13A-4031-A5FF-3B4703760D49}.Debug|ARM64.Build.0 = Debug|Any CPU
		{C2D20242-B13A-4031-A5FF-3B4703760D49}.Debug|x64.ActiveCfg = Debug|Any CPU
		{C2D20242-B13A-4031-A5FF-3B4703760D49}.Debug|x64.Build.0 = Debug|Any CPU
		{C2D20242-B13A-4031-A5FF-3B4703760D49}.Debug|x86.ActiveCfg = Debug|Any CPU
		{C2D20242-B13A-4031-A5FF-3B4703760D49}.Debug|x86.Build.0 = Debug|Any CPU
		{C2D20242-B13A-4031-A5FF-3B4703760D49}.Release|Any CPU.ActiveCfg = Release|Any CPU
		{C2D20242-B13A-4031-A5FF-3B4703760D49}.Release|Any CPU.Build.0 = Release|Any CPU
		{C2D20242-B13A-4031-A5FF-3B4703760D49}.Release|ARM.ActiveCfg = Release|Any CPU
		{C2D20242-B13A-4031-A5FF-3B4703760D49}.Release|ARM.Build.0 = Release|Any CPU
		{C2D20242-B13A-4031-A5FF-3B4703760D49}.Release|ARM64.ActiveCfg = Release|Any CPU
		{C2D20242-B13A-4031-A5FF-3B4703760D49}.Release|ARM64.Build.0 = Release|Any CPU
		{C2D20242-B13A-4031-A5FF-3B4703760D49}.Release|x64.ActiveCfg = Release|Any CPU
		{C2D20242-B13A-4031-A5FF-3B4703760D49}.Release|x64.Build.0 = Release|Any CPU
		{C2D20242-B13A-4031-A5FF-3B4703760D49}.Release|x86.ActiveCfg = Release|Any CPU
		{C2D20242-B13A-4031-A5FF-3B4703760D49}.Release|x86.Build.0 = Release|Any CPU
		{5D93384D-E5B1-4960-A4D7-24AAB48F2C16}.Debug|Any CPU.ActiveCfg = Debug|Any CPU
		{5D93384D-E5B1-4960-A4D7-24AAB48F2C16}.Debug|Any CPU.Build.0 = Debug|Any CPU
		{5D93384D-E5B1-4960-A4D7-24AAB48F2C16}.Debug|ARM.ActiveCfg = Debug|Any CPU
		{5D93384D-E5B1-4960-A4D7-24AAB48F2C16}.Debug|ARM.Build.0 = Debug|Any CPU
		{5D93384D-E5B1-4960-A4D7-24AAB48F2C16}.Debug|ARM64.ActiveCfg = Debug|Any CPU
		{5D93384D-E5B1-4960-A4D7-24AAB48F2C16}.Debug|ARM64.Build.0 = Debug|Any CPU
		{5D93384D-E5B1-4960-A4D7-24AAB48F2C16}.Debug|x64.ActiveCfg = Debug|Any CPU
		{5D93384D-E5B1-4960-A4D7-24AAB48F2C16}.Debug|x64.Build.0 = Debug|Any CPU
		{5D93384D-E5B1-4960-A4D7-24AAB48F2C16}.Debug|x86.ActiveCfg = Debug|Any CPU
		{5D93384D-E5B1-4960-A4D7-24AAB48F2C16}.Debug|x86.Build.0 = Debug|Any CPU
		{5D93384D-E5B1-4960-A4D7-24AAB48F2C16}.Release|Any CPU.ActiveCfg = Release|Any CPU
		{5D93384D-E5B1-4960-A4D7-24AAB48F2C16}.Release|Any CPU.Build.0 = Release|Any CPU
		{5D93384D-E5B1-4960-A4D7-24AAB48F2C16}.Release|ARM.ActiveCfg = Release|Any CPU
		{5D93384D-E5B1-4960-A4D7-24AAB48F2C16}.Release|ARM.Build.0 = Release|Any CPU
		{5D93384D-E5B1-4960-A4D7-24AAB48F2C16}.Release|ARM64.ActiveCfg = Release|Any CPU
		{5D93384D-E5B1-4960-A4D7-24AAB48F2C16}.Release|ARM64.Build.0 = Release|Any CPU
		{5D93384D-E5B1-4960-A4D7-24AAB48F2C16}.Release|x64.ActiveCfg = Release|Any CPU
		{5D93384D-E5B1-4960-A4D7-24AAB48F2C16}.Release|x64.Build.0 = Release|Any CPU
		{5D93384D-E5B1-4960-A4D7-24AAB48F2C16}.Release|x86.ActiveCfg = Release|Any CPU
		{5D93384D-E5B1-4960-A4D7-24AAB48F2C16}.Release|x86.Build.0 = Release|Any CPU
		{1EAB373B-FA7A-4DA2-93E2-C9C7BD0F782E}.Debug|Any CPU.ActiveCfg = Debug|Any CPU
		{1EAB373B-FA7A-4DA2-93E2-C9C7BD0F782E}.Debug|Any CPU.Build.0 = Debug|Any CPU
		{1EAB373B-FA7A-4DA2-93E2-C9C7BD0F782E}.Debug|ARM.ActiveCfg = Debug|Any CPU
		{1EAB373B-FA7A-4DA2-93E2-C9C7BD0F782E}.Debug|ARM.Build.0 = Debug|Any CPU
		{1EAB373B-FA7A-4DA2-93E2-C9C7BD0F782E}.Debug|ARM64.ActiveCfg = Debug|Any CPU
		{1EAB373B-FA7A-4DA2-93E2-C9C7BD0F782E}.Debug|ARM64.Build.0 = Debug|Any CPU
		{1EAB373B-FA7A-4DA2-93E2-C9C7BD0F782E}.Debug|x64.ActiveCfg = Debug|Any CPU
		{1EAB373B-FA7A-4DA2-93E2-C9C7BD0F782E}.Debug|x64.Build.0 = Debug|Any CPU
		{1EAB373B-FA7A-4DA2-93E2-C9C7BD0F782E}.Debug|x86.ActiveCfg = Debug|Any CPU
		{1EAB373B-FA7A-4DA2-93E2-C9C7BD0F782E}.Debug|x86.Build.0 = Debug|Any CPU
		{1EAB373B-FA7A-4DA2-93E2-C9C7BD0F782E}.Release|Any CPU.ActiveCfg = Release|Any CPU
		{1EAB373B-FA7A-4DA2-93E2-C9C7BD0F782E}.Release|Any CPU.Build.0 = Release|Any CPU
		{1EAB373B-FA7A-4DA2-93E2-C9C7BD0F782E}.Release|ARM.ActiveCfg = Release|Any CPU
		{1EAB373B-FA7A-4DA2-93E2-C9C7BD0F782E}.Release|ARM.Build.0 = Release|Any CPU
		{1EAB373B-FA7A-4DA2-93E2-C9C7BD0F782E}.Release|ARM64.ActiveCfg = Release|Any CPU
		{1EAB373B-FA7A-4DA2-93E2-C9C7BD0F782E}.Release|ARM64.Build.0 = Release|Any CPU
		{1EAB373B-FA7A-4DA2-93E2-C9C7BD0F782E}.Release|x64.ActiveCfg = Release|Any CPU
		{1EAB373B-FA7A-4DA2-93E2-C9C7BD0F782E}.Release|x64.Build.0 = Release|Any CPU
		{1EAB373B-FA7A-4DA2-93E2-C9C7BD0F782E}.Release|x86.ActiveCfg = Release|Any CPU
		{1EAB373B-FA7A-4DA2-93E2-C9C7BD0F782E}.Release|x86.Build.0 = Release|Any CPU
		{BE32ECA9-FCB2-43C2-BB31-28AC0D7F95E3}.Debug|Any CPU.ActiveCfg = Debug|Any CPU
		{BE32ECA9-FCB2-43C2-BB31-28AC0D7F95E3}.Debug|Any CPU.Build.0 = Debug|Any CPU
		{BE32ECA9-FCB2-43C2-BB31-28AC0D7F95E3}.Debug|ARM.ActiveCfg = Debug|Any CPU
		{BE32ECA9-FCB2-43C2-BB31-28AC0D7F95E3}.Debug|ARM.Build.0 = Debug|Any CPU
		{BE32ECA9-FCB2-43C2-BB31-28AC0D7F95E3}.Debug|ARM64.ActiveCfg = Debug|Any CPU
		{BE32ECA9-FCB2-43C2-BB31-28AC0D7F95E3}.Debug|ARM64.Build.0 = Debug|Any CPU
		{BE32ECA9-FCB2-43C2-BB31-28AC0D7F95E3}.Debug|x64.ActiveCfg = Debug|Any CPU
		{BE32ECA9-FCB2-43C2-BB31-28AC0D7F95E3}.Debug|x64.Build.0 = Debug|Any CPU
		{BE32ECA9-FCB2-43C2-BB31-28AC0D7F95E3}.Debug|x86.ActiveCfg = Debug|Any CPU
		{BE32ECA9-FCB2-43C2-BB31-28AC0D7F95E3}.Debug|x86.Build.0 = Debug|Any CPU
		{BE32ECA9-FCB2-43C2-BB31-28AC0D7F95E3}.Release|Any CPU.ActiveCfg = Release|Any CPU
		{BE32ECA9-FCB2-43C2-BB31-28AC0D7F95E3}.Release|Any CPU.Build.0 = Release|Any CPU
		{BE32ECA9-FCB2-43C2-BB31-28AC0D7F95E3}.Release|ARM.ActiveCfg = Release|Any CPU
		{BE32ECA9-FCB2-43C2-BB31-28AC0D7F95E3}.Release|ARM.Build.0 = Release|Any CPU
		{BE32ECA9-FCB2-43C2-BB31-28AC0D7F95E3}.Release|ARM64.ActiveCfg = Release|Any CPU
		{BE32ECA9-FCB2-43C2-BB31-28AC0D7F95E3}.Release|ARM64.Build.0 = Release|Any CPU
		{BE32ECA9-FCB2-43C2-BB31-28AC0D7F95E3}.Release|x64.ActiveCfg = Release|Any CPU
		{BE32ECA9-FCB2-43C2-BB31-28AC0D7F95E3}.Release|x64.Build.0 = Release|Any CPU
		{BE32ECA9-FCB2-43C2-BB31-28AC0D7F95E3}.Release|x86.ActiveCfg = Release|Any CPU
		{BE32ECA9-FCB2-43C2-BB31-28AC0D7F95E3}.Release|x86.Build.0 = Release|Any CPU
		{7609EEF8-6544-43D4-9618-B9D6D4C010D4}.Debug|Any CPU.ActiveCfg = Debug|Any CPU
		{7609EEF8-6544-43D4-9618-B9D6D4C010D4}.Debug|Any CPU.Build.0 = Debug|Any CPU
		{7609EEF8-6544-43D4-9618-B9D6D4C010D4}.Debug|ARM.ActiveCfg = Debug|Any CPU
		{7609EEF8-6544-43D4-9618-B9D6D4C010D4}.Debug|ARM.Build.0 = Debug|Any CPU
		{7609EEF8-6544-43D4-9618-B9D6D4C010D4}.Debug|ARM64.ActiveCfg = Debug|Any CPU
		{7609EEF8-6544-43D4-9618-B9D6D4C010D4}.Debug|ARM64.Build.0 = Debug|Any CPU
		{7609EEF8-6544-43D4-9618-B9D6D4C010D4}.Debug|x64.ActiveCfg = Debug|Any CPU
		{7609EEF8-6544-43D4-9618-B9D6D4C010D4}.Debug|x64.Build.0 = Debug|Any CPU
		{7609EEF8-6544-43D4-9618-B9D6D4C010D4}.Debug|x86.ActiveCfg = Debug|Any CPU
		{7609EEF8-6544-43D4-9618-B9D6D4C010D4}.Debug|x86.Build.0 = Debug|Any CPU
		{7609EEF8-6544-43D4-9618-B9D6D4C010D4}.Release|Any CPU.ActiveCfg = Release|Any CPU
		{7609EEF8-6544-43D4-9618-B9D6D4C010D4}.Release|Any CPU.Build.0 = Release|Any CPU
		{7609EEF8-6544-43D4-9618-B9D6D4C010D4}.Release|ARM.ActiveCfg = Release|Any CPU
		{7609EEF8-6544-43D4-9618-B9D6D4C010D4}.Release|ARM.Build.0 = Release|Any CPU
		{7609EEF8-6544-43D4-9618-B9D6D4C010D4}.Release|ARM64.ActiveCfg = Release|Any CPU
		{7609EEF8-6544-43D4-9618-B9D6D4C010D4}.Release|ARM64.Build.0 = Release|Any CPU
		{7609EEF8-6544-43D4-9618-B9D6D4C010D4}.Release|x64.ActiveCfg = Release|Any CPU
		{7609EEF8-6544-43D4-9618-B9D6D4C010D4}.Release|x64.Build.0 = Release|Any CPU
		{7609EEF8-6544-43D4-9618-B9D6D4C010D4}.Release|x86.ActiveCfg = Release|Any CPU
		{7609EEF8-6544-43D4-9618-B9D6D4C010D4}.Release|x86.Build.0 = Release|Any CPU
		{24FA1A7A-8271-464F-A3FF-F9B3919FEE00}.Debug|Any CPU.ActiveCfg = Debug|Any CPU
		{24FA1A7A-8271-464F-A3FF-F9B3919FEE00}.Debug|Any CPU.Build.0 = Debug|Any CPU
		{24FA1A7A-8271-464F-A3FF-F9B3919FEE00}.Debug|ARM.ActiveCfg = Debug|Any CPU
		{24FA1A7A-8271-464F-A3FF-F9B3919FEE00}.Debug|ARM.Build.0 = Debug|Any CPU
		{24FA1A7A-8271-464F-A3FF-F9B3919FEE00}.Debug|ARM64.ActiveCfg = Debug|Any CPU
		{24FA1A7A-8271-464F-A3FF-F9B3919FEE00}.Debug|ARM64.Build.0 = Debug|Any CPU
		{24FA1A7A-8271-464F-A3FF-F9B3919FEE00}.Debug|x64.ActiveCfg = Debug|Any CPU
		{24FA1A7A-8271-464F-A3FF-F9B3919FEE00}.Debug|x64.Build.0 = Debug|Any CPU
		{24FA1A7A-8271-464F-A3FF-F9B3919FEE00}.Debug|x86.ActiveCfg = Debug|Any CPU
		{24FA1A7A-8271-464F-A3FF-F9B3919FEE00}.Debug|x86.Build.0 = Debug|Any CPU
		{24FA1A7A-8271-464F-A3FF-F9B3919FEE00}.Release|Any CPU.ActiveCfg = Release|Any CPU
		{24FA1A7A-8271-464F-A3FF-F9B3919FEE00}.Release|Any CPU.Build.0 = Release|Any CPU
		{24FA1A7A-8271-464F-A3FF-F9B3919FEE00}.Release|ARM.ActiveCfg = Release|Any CPU
		{24FA1A7A-8271-464F-A3FF-F9B3919FEE00}.Release|ARM.Build.0 = Release|Any CPU
		{24FA1A7A-8271-464F-A3FF-F9B3919FEE00}.Release|ARM64.ActiveCfg = Release|Any CPU
		{24FA1A7A-8271-464F-A3FF-F9B3919FEE00}.Release|ARM64.Build.0 = Release|Any CPU
		{24FA1A7A-8271-464F-A3FF-F9B3919FEE00}.Release|x64.ActiveCfg = Release|Any CPU
		{24FA1A7A-8271-464F-A3FF-F9B3919FEE00}.Release|x64.Build.0 = Release|Any CPU
		{24FA1A7A-8271-464F-A3FF-F9B3919FEE00}.Release|x86.ActiveCfg = Release|Any CPU
		{24FA1A7A-8271-464F-A3FF-F9B3919FEE00}.Release|x86.Build.0 = Release|Any CPU
		{913B2509-A818-49FC-BB94-FB97D4367CD9}.Debug|Any CPU.ActiveCfg = Debug|Any CPU
		{913B2509-A818-49FC-BB94-FB97D4367CD9}.Debug|Any CPU.Build.0 = Debug|Any CPU
		{913B2509-A818-49FC-BB94-FB97D4367CD9}.Debug|ARM.ActiveCfg = Debug|Any CPU
		{913B2509-A818-49FC-BB94-FB97D4367CD9}.Debug|ARM.Build.0 = Debug|Any CPU
		{913B2509-A818-49FC-BB94-FB97D4367CD9}.Debug|ARM64.ActiveCfg = Debug|Any CPU
		{913B2509-A818-49FC-BB94-FB97D4367CD9}.Debug|ARM64.Build.0 = Debug|Any CPU
		{913B2509-A818-49FC-BB94-FB97D4367CD9}.Debug|x64.ActiveCfg = Debug|Any CPU
		{913B2509-A818-49FC-BB94-FB97D4367CD9}.Debug|x64.Build.0 = Debug|Any CPU
		{913B2509-A818-49FC-BB94-FB97D4367CD9}.Debug|x86.ActiveCfg = Debug|Any CPU
		{913B2509-A818-49FC-BB94-FB97D4367CD9}.Debug|x86.Build.0 = Debug|Any CPU
		{913B2509-A818-49FC-BB94-FB97D4367CD9}.Release|Any CPU.ActiveCfg = Release|Any CPU
		{913B2509-A818-49FC-BB94-FB97D4367CD9}.Release|Any CPU.Build.0 = Release|Any CPU
		{913B2509-A818-49FC-BB94-FB97D4367CD9}.Release|ARM.ActiveCfg = Release|Any CPU
		{913B2509-A818-49FC-BB94-FB97D4367CD9}.Release|ARM.Build.0 = Release|Any CPU
		{913B2509-A818-49FC-BB94-FB97D4367CD9}.Release|ARM64.ActiveCfg = Release|Any CPU
		{913B2509-A818-49FC-BB94-FB97D4367CD9}.Release|ARM64.Build.0 = Release|Any CPU
		{913B2509-A818-49FC-BB94-FB97D4367CD9}.Release|x64.ActiveCfg = Release|Any CPU
		{913B2509-A818-49FC-BB94-FB97D4367CD9}.Release|x64.Build.0 = Release|Any CPU
		{913B2509-A818-49FC-BB94-FB97D4367CD9}.Release|x86.ActiveCfg = Release|Any CPU
		{913B2509-A818-49FC-BB94-FB97D4367CD9}.Release|x86.Build.0 = Release|Any CPU
		{54094823-230B-43FE-A5EF-C5693DA04951}.Debug|Any CPU.ActiveCfg = Debug|Any CPU
		{54094823-230B-43FE-A5EF-C5693DA04951}.Debug|Any CPU.Build.0 = Debug|Any CPU
		{54094823-230B-43FE-A5EF-C5693DA04951}.Debug|ARM.ActiveCfg = Debug|Any CPU
		{54094823-230B-43FE-A5EF-C5693DA04951}.Debug|ARM.Build.0 = Debug|Any CPU
		{54094823-230B-43FE-A5EF-C5693DA04951}.Debug|ARM64.ActiveCfg = Debug|Any CPU
		{54094823-230B-43FE-A5EF-C5693DA04951}.Debug|ARM64.Build.0 = Debug|Any CPU
		{54094823-230B-43FE-A5EF-C5693DA04951}.Debug|x64.ActiveCfg = Debug|Any CPU
		{54094823-230B-43FE-A5EF-C5693DA04951}.Debug|x64.Build.0 = Debug|Any CPU
		{54094823-230B-43FE-A5EF-C5693DA04951}.Debug|x86.ActiveCfg = Debug|Any CPU
		{54094823-230B-43FE-A5EF-C5693DA04951}.Debug|x86.Build.0 = Debug|Any CPU
		{54094823-230B-43FE-A5EF-C5693DA04951}.Release|Any CPU.ActiveCfg = Release|Any CPU
		{54094823-230B-43FE-A5EF-C5693DA04951}.Release|Any CPU.Build.0 = Release|Any CPU
		{54094823-230B-43FE-A5EF-C5693DA04951}.Release|ARM.ActiveCfg = Release|Any CPU
		{54094823-230B-43FE-A5EF-C5693DA04951}.Release|ARM.Build.0 = Release|Any CPU
		{54094823-230B-43FE-A5EF-C5693DA04951}.Release|ARM64.ActiveCfg = Release|Any CPU
		{54094823-230B-43FE-A5EF-C5693DA04951}.Release|ARM64.Build.0 = Release|Any CPU
		{54094823-230B-43FE-A5EF-C5693DA04951}.Release|x64.ActiveCfg = Release|Any CPU
		{54094823-230B-43FE-A5EF-C5693DA04951}.Release|x64.Build.0 = Release|Any CPU
		{54094823-230B-43FE-A5EF-C5693DA04951}.Release|x86.ActiveCfg = Release|Any CPU
		{54094823-230B-43FE-A5EF-C5693DA04951}.Release|x86.Build.0 = Release|Any CPU
		{C0FAB66F-CD76-41FC-95BF-1D463A2EEF65}.Debug|Any CPU.ActiveCfg = Debug|Any CPU
		{C0FAB66F-CD76-41FC-95BF-1D463A2EEF65}.Debug|Any CPU.Build.0 = Debug|Any CPU
		{C0FAB66F-CD76-41FC-95BF-1D463A2EEF65}.Debug|ARM.ActiveCfg = Debug|Any CPU
		{C0FAB66F-CD76-41FC-95BF-1D463A2EEF65}.Debug|ARM.Build.0 = Debug|Any CPU
		{C0FAB66F-CD76-41FC-95BF-1D463A2EEF65}.Debug|ARM64.ActiveCfg = Debug|Any CPU
		{C0FAB66F-CD76-41FC-95BF-1D463A2EEF65}.Debug|ARM64.Build.0 = Debug|Any CPU
		{C0FAB66F-CD76-41FC-95BF-1D463A2EEF65}.Debug|x64.ActiveCfg = Debug|Any CPU
		{C0FAB66F-CD76-41FC-95BF-1D463A2EEF65}.Debug|x64.Build.0 = Debug|Any CPU
		{C0FAB66F-CD76-41FC-95BF-1D463A2EEF65}.Debug|x86.ActiveCfg = Debug|Any CPU
		{C0FAB66F-CD76-41FC-95BF-1D463A2EEF65}.Debug|x86.Build.0 = Debug|Any CPU
		{C0FAB66F-CD76-41FC-95BF-1D463A2EEF65}.Release|Any CPU.ActiveCfg = Release|Any CPU
		{C0FAB66F-CD76-41FC-95BF-1D463A2EEF65}.Release|Any CPU.Build.0 = Release|Any CPU
		{C0FAB66F-CD76-41FC-95BF-1D463A2EEF65}.Release|ARM.ActiveCfg = Release|Any CPU
		{C0FAB66F-CD76-41FC-95BF-1D463A2EEF65}.Release|ARM.Build.0 = Release|Any CPU
		{C0FAB66F-CD76-41FC-95BF-1D463A2EEF65}.Release|ARM64.ActiveCfg = Release|Any CPU
		{C0FAB66F-CD76-41FC-95BF-1D463A2EEF65}.Release|ARM64.Build.0 = Release|Any CPU
		{C0FAB66F-CD76-41FC-95BF-1D463A2EEF65}.Release|x64.ActiveCfg = Release|Any CPU
		{C0FAB66F-CD76-41FC-95BF-1D463A2EEF65}.Release|x64.Build.0 = Release|Any CPU
		{C0FAB66F-CD76-41FC-95BF-1D463A2EEF65}.Release|x86.ActiveCfg = Release|Any CPU
		{C0FAB66F-CD76-41FC-95BF-1D463A2EEF65}.Release|x86.Build.0 = Release|Any CPU
		{17B818B8-8F23-455F-A3C4-E7108360DEAD}.Debug|Any CPU.ActiveCfg = Debug|Any CPU
		{17B818B8-8F23-455F-A3C4-E7108360DEAD}.Debug|Any CPU.Build.0 = Debug|Any CPU
		{17B818B8-8F23-455F-A3C4-E7108360DEAD}.Debug|ARM.ActiveCfg = Debug|Any CPU
		{17B818B8-8F23-455F-A3C4-E7108360DEAD}.Debug|ARM.Build.0 = Debug|Any CPU
		{17B818B8-8F23-455F-A3C4-E7108360DEAD}.Debug|ARM64.ActiveCfg = Debug|Any CPU
		{17B818B8-8F23-455F-A3C4-E7108360DEAD}.Debug|ARM64.Build.0 = Debug|Any CPU
		{17B818B8-8F23-455F-A3C4-E7108360DEAD}.Debug|x64.ActiveCfg = Debug|Any CPU
		{17B818B8-8F23-455F-A3C4-E7108360DEAD}.Debug|x64.Build.0 = Debug|Any CPU
		{17B818B8-8F23-455F-A3C4-E7108360DEAD}.Debug|x86.ActiveCfg = Debug|Any CPU
		{17B818B8-8F23-455F-A3C4-E7108360DEAD}.Debug|x86.Build.0 = Debug|Any CPU
		{17B818B8-8F23-455F-A3C4-E7108360DEAD}.Release|Any CPU.ActiveCfg = Release|Any CPU
		{17B818B8-8F23-455F-A3C4-E7108360DEAD}.Release|Any CPU.Build.0 = Release|Any CPU
		{17B818B8-8F23-455F-A3C4-E7108360DEAD}.Release|ARM.ActiveCfg = Release|Any CPU
		{17B818B8-8F23-455F-A3C4-E7108360DEAD}.Release|ARM.Build.0 = Release|Any CPU
		{17B818B8-8F23-455F-A3C4-E7108360DEAD}.Release|ARM64.ActiveCfg = Release|Any CPU
		{17B818B8-8F23-455F-A3C4-E7108360DEAD}.Release|ARM64.Build.0 = Release|Any CPU
		{17B818B8-8F23-455F-A3C4-E7108360DEAD}.Release|x64.ActiveCfg = Release|Any CPU
		{17B818B8-8F23-455F-A3C4-E7108360DEAD}.Release|x64.Build.0 = Release|Any CPU
		{17B818B8-8F23-455F-A3C4-E7108360DEAD}.Release|x86.ActiveCfg = Release|Any CPU
		{17B818B8-8F23-455F-A3C4-E7108360DEAD}.Release|x86.Build.0 = Release|Any CPU
		{A8A1562B-8BB5-4D0D-822C-A25CD2119042}.Debug|Any CPU.ActiveCfg = Debug|Any CPU
		{A8A1562B-8BB5-4D0D-822C-A25CD2119042}.Debug|Any CPU.Build.0 = Debug|Any CPU
		{A8A1562B-8BB5-4D0D-822C-A25CD2119042}.Debug|ARM.ActiveCfg = Debug|Any CPU
		{A8A1562B-8BB5-4D0D-822C-A25CD2119042}.Debug|ARM.Build.0 = Debug|Any CPU
		{A8A1562B-8BB5-4D0D-822C-A25CD2119042}.Debug|ARM64.ActiveCfg = Debug|Any CPU
		{A8A1562B-8BB5-4D0D-822C-A25CD2119042}.Debug|ARM64.Build.0 = Debug|Any CPU
		{A8A1562B-8BB5-4D0D-822C-A25CD2119042}.Debug|x64.ActiveCfg = Debug|Any CPU
		{A8A1562B-8BB5-4D0D-822C-A25CD2119042}.Debug|x64.Build.0 = Debug|Any CPU
		{A8A1562B-8BB5-4D0D-822C-A25CD2119042}.Debug|x86.ActiveCfg = Debug|Any CPU
		{A8A1562B-8BB5-4D0D-822C-A25CD2119042}.Debug|x86.Build.0 = Debug|Any CPU
		{A8A1562B-8BB5-4D0D-822C-A25CD2119042}.Release|Any CPU.ActiveCfg = Release|Any CPU
		{A8A1562B-8BB5-4D0D-822C-A25CD2119042}.Release|Any CPU.Build.0 = Release|Any CPU
		{A8A1562B-8BB5-4D0D-822C-A25CD2119042}.Release|ARM.ActiveCfg = Release|Any CPU
		{A8A1562B-8BB5-4D0D-822C-A25CD2119042}.Release|ARM.Build.0 = Release|Any CPU
		{A8A1562B-8BB5-4D0D-822C-A25CD2119042}.Release|ARM64.ActiveCfg = Release|Any CPU
		{A8A1562B-8BB5-4D0D-822C-A25CD2119042}.Release|ARM64.Build.0 = Release|Any CPU
		{A8A1562B-8BB5-4D0D-822C-A25CD2119042}.Release|x64.ActiveCfg = Release|Any CPU
		{A8A1562B-8BB5-4D0D-822C-A25CD2119042}.Release|x64.Build.0 = Release|Any CPU
		{A8A1562B-8BB5-4D0D-822C-A25CD2119042}.Release|x86.ActiveCfg = Release|Any CPU
		{A8A1562B-8BB5-4D0D-822C-A25CD2119042}.Release|x86.Build.0 = Release|Any CPU
		{1123C968-D573-4336-BE30-2F913E5CC2FC}.Debug|Any CPU.ActiveCfg = Debug|Any CPU
		{1123C968-D573-4336-BE30-2F913E5CC2FC}.Debug|Any CPU.Build.0 = Debug|Any CPU
		{1123C968-D573-4336-BE30-2F913E5CC2FC}.Debug|ARM.ActiveCfg = Debug|Any CPU
		{1123C968-D573-4336-BE30-2F913E5CC2FC}.Debug|ARM.Build.0 = Debug|Any CPU
		{1123C968-D573-4336-BE30-2F913E5CC2FC}.Debug|ARM64.ActiveCfg = Debug|Any CPU
		{1123C968-D573-4336-BE30-2F913E5CC2FC}.Debug|ARM64.Build.0 = Debug|Any CPU
		{1123C968-D573-4336-BE30-2F913E5CC2FC}.Debug|x64.ActiveCfg = Debug|Any CPU
		{1123C968-D573-4336-BE30-2F913E5CC2FC}.Debug|x64.Build.0 = Debug|Any CPU
		{1123C968-D573-4336-BE30-2F913E5CC2FC}.Debug|x86.ActiveCfg = Debug|Any CPU
		{1123C968-D573-4336-BE30-2F913E5CC2FC}.Debug|x86.Build.0 = Debug|Any CPU
		{1123C968-D573-4336-BE30-2F913E5CC2FC}.Release|Any CPU.ActiveCfg = Release|Any CPU
		{1123C968-D573-4336-BE30-2F913E5CC2FC}.Release|Any CPU.Build.0 = Release|Any CPU
		{1123C968-D573-4336-BE30-2F913E5CC2FC}.Release|ARM.ActiveCfg = Release|Any CPU
		{1123C968-D573-4336-BE30-2F913E5CC2FC}.Release|ARM.Build.0 = Release|Any CPU
		{1123C968-D573-4336-BE30-2F913E5CC2FC}.Release|ARM64.ActiveCfg = Release|Any CPU
		{1123C968-D573-4336-BE30-2F913E5CC2FC}.Release|ARM64.Build.0 = Release|Any CPU
		{1123C968-D573-4336-BE30-2F913E5CC2FC}.Release|x64.ActiveCfg = Release|Any CPU
		{1123C968-D573-4336-BE30-2F913E5CC2FC}.Release|x64.Build.0 = Release|Any CPU
		{1123C968-D573-4336-BE30-2F913E5CC2FC}.Release|x86.ActiveCfg = Release|Any CPU
		{1123C968-D573-4336-BE30-2F913E5CC2FC}.Release|x86.Build.0 = Release|Any CPU
		{51C3C96D-11E9-4BC1-AF34-A32A6F78611B}.Debug|Any CPU.ActiveCfg = Debug|Any CPU
		{51C3C96D-11E9-4BC1-AF34-A32A6F78611B}.Debug|Any CPU.Build.0 = Debug|Any CPU
		{51C3C96D-11E9-4BC1-AF34-A32A6F78611B}.Debug|ARM.ActiveCfg = Debug|Any CPU
		{51C3C96D-11E9-4BC1-AF34-A32A6F78611B}.Debug|ARM.Build.0 = Debug|Any CPU
		{51C3C96D-11E9-4BC1-AF34-A32A6F78611B}.Debug|ARM64.ActiveCfg = Debug|Any CPU
		{51C3C96D-11E9-4BC1-AF34-A32A6F78611B}.Debug|ARM64.Build.0 = Debug|Any CPU
		{51C3C96D-11E9-4BC1-AF34-A32A6F78611B}.Debug|x64.ActiveCfg = Debug|Any CPU
		{51C3C96D-11E9-4BC1-AF34-A32A6F78611B}.Debug|x64.Build.0 = Debug|Any CPU
		{51C3C96D-11E9-4BC1-AF34-A32A6F78611B}.Debug|x86.ActiveCfg = Debug|Any CPU
		{51C3C96D-11E9-4BC1-AF34-A32A6F78611B}.Debug|x86.Build.0 = Debug|Any CPU
		{51C3C96D-11E9-4BC1-AF34-A32A6F78611B}.Release|Any CPU.ActiveCfg = Release|Any CPU
		{51C3C96D-11E9-4BC1-AF34-A32A6F78611B}.Release|Any CPU.Build.0 = Release|Any CPU
		{51C3C96D-11E9-4BC1-AF34-A32A6F78611B}.Release|ARM.ActiveCfg = Release|Any CPU
		{51C3C96D-11E9-4BC1-AF34-A32A6F78611B}.Release|ARM.Build.0 = Release|Any CPU
		{51C3C96D-11E9-4BC1-AF34-A32A6F78611B}.Release|ARM64.ActiveCfg = Release|Any CPU
		{51C3C96D-11E9-4BC1-AF34-A32A6F78611B}.Release|ARM64.Build.0 = Release|Any CPU
		{51C3C96D-11E9-4BC1-AF34-A32A6F78611B}.Release|x64.ActiveCfg = Release|Any CPU
		{51C3C96D-11E9-4BC1-AF34-A32A6F78611B}.Release|x64.Build.0 = Release|Any CPU
		{51C3C96D-11E9-4BC1-AF34-A32A6F78611B}.Release|x86.ActiveCfg = Release|Any CPU
		{51C3C96D-11E9-4BC1-AF34-A32A6F78611B}.Release|x86.Build.0 = Release|Any CPU
		{B68494A2-3CD0-4680-A69B-5B6C34D7BB44}.Debug|Any CPU.ActiveCfg = Debug|Any CPU
		{B68494A2-3CD0-4680-A69B-5B6C34D7BB44}.Debug|Any CPU.Build.0 = Debug|Any CPU
		{B68494A2-3CD0-4680-A69B-5B6C34D7BB44}.Debug|ARM.ActiveCfg = Debug|Any CPU
		{B68494A2-3CD0-4680-A69B-5B6C34D7BB44}.Debug|ARM.Build.0 = Debug|Any CPU
		{B68494A2-3CD0-4680-A69B-5B6C34D7BB44}.Debug|ARM64.ActiveCfg = Debug|Any CPU
		{B68494A2-3CD0-4680-A69B-5B6C34D7BB44}.Debug|ARM64.Build.0 = Debug|Any CPU
		{B68494A2-3CD0-4680-A69B-5B6C34D7BB44}.Debug|x64.ActiveCfg = Debug|Any CPU
		{B68494A2-3CD0-4680-A69B-5B6C34D7BB44}.Debug|x64.Build.0 = Debug|Any CPU
		{B68494A2-3CD0-4680-A69B-5B6C34D7BB44}.Debug|x86.ActiveCfg = Debug|Any CPU
		{B68494A2-3CD0-4680-A69B-5B6C34D7BB44}.Debug|x86.Build.0 = Debug|Any CPU
		{B68494A2-3CD0-4680-A69B-5B6C34D7BB44}.Release|Any CPU.ActiveCfg = Release|Any CPU
		{B68494A2-3CD0-4680-A69B-5B6C34D7BB44}.Release|Any CPU.Build.0 = Release|Any CPU
		{B68494A2-3CD0-4680-A69B-5B6C34D7BB44}.Release|ARM.ActiveCfg = Release|Any CPU
		{B68494A2-3CD0-4680-A69B-5B6C34D7BB44}.Release|ARM.Build.0 = Release|Any CPU
		{B68494A2-3CD0-4680-A69B-5B6C34D7BB44}.Release|ARM64.ActiveCfg = Release|Any CPU
		{B68494A2-3CD0-4680-A69B-5B6C34D7BB44}.Release|ARM64.Build.0 = Release|Any CPU
		{B68494A2-3CD0-4680-A69B-5B6C34D7BB44}.Release|x64.ActiveCfg = Release|Any CPU
		{B68494A2-3CD0-4680-A69B-5B6C34D7BB44}.Release|x64.Build.0 = Release|Any CPU
		{B68494A2-3CD0-4680-A69B-5B6C34D7BB44}.Release|x86.ActiveCfg = Release|Any CPU
		{B68494A2-3CD0-4680-A69B-5B6C34D7BB44}.Release|x86.Build.0 = Release|Any CPU
		{A25BDD95-7496-46AF-BBA1-C1317BA7F5AA}.Debug|Any CPU.ActiveCfg = Debug|Any CPU
		{A25BDD95-7496-46AF-BBA1-C1317BA7F5AA}.Debug|Any CPU.Build.0 = Debug|Any CPU
		{A25BDD95-7496-46AF-BBA1-C1317BA7F5AA}.Debug|ARM.ActiveCfg = Debug|Any CPU
		{A25BDD95-7496-46AF-BBA1-C1317BA7F5AA}.Debug|ARM.Build.0 = Debug|Any CPU
		{A25BDD95-7496-46AF-BBA1-C1317BA7F5AA}.Debug|ARM64.ActiveCfg = Debug|Any CPU
		{A25BDD95-7496-46AF-BBA1-C1317BA7F5AA}.Debug|ARM64.Build.0 = Debug|Any CPU
		{A25BDD95-7496-46AF-BBA1-C1317BA7F5AA}.Debug|x64.ActiveCfg = Debug|Any CPU
		{A25BDD95-7496-46AF-BBA1-C1317BA7F5AA}.Debug|x64.Build.0 = Debug|Any CPU
		{A25BDD95-7496-46AF-BBA1-C1317BA7F5AA}.Debug|x86.ActiveCfg = Debug|Any CPU
		{A25BDD95-7496-46AF-BBA1-C1317BA7F5AA}.Debug|x86.Build.0 = Debug|Any CPU
		{A25BDD95-7496-46AF-BBA1-C1317BA7F5AA}.Release|Any CPU.ActiveCfg = Release|Any CPU
		{A25BDD95-7496-46AF-BBA1-C1317BA7F5AA}.Release|Any CPU.Build.0 = Release|Any CPU
		{A25BDD95-7496-46AF-BBA1-C1317BA7F5AA}.Release|ARM.ActiveCfg = Release|Any CPU
		{A25BDD95-7496-46AF-BBA1-C1317BA7F5AA}.Release|ARM.Build.0 = Release|Any CPU
		{A25BDD95-7496-46AF-BBA1-C1317BA7F5AA}.Release|ARM64.ActiveCfg = Release|Any CPU
		{A25BDD95-7496-46AF-BBA1-C1317BA7F5AA}.Release|ARM64.Build.0 = Release|Any CPU
		{A25BDD95-7496-46AF-BBA1-C1317BA7F5AA}.Release|x64.ActiveCfg = Release|Any CPU
		{A25BDD95-7496-46AF-BBA1-C1317BA7F5AA}.Release|x64.Build.0 = Release|Any CPU
		{A25BDD95-7496-46AF-BBA1-C1317BA7F5AA}.Release|x86.ActiveCfg = Release|Any CPU
		{A25BDD95-7496-46AF-BBA1-C1317BA7F5AA}.Release|x86.Build.0 = Release|Any CPU
		{1E9233B7-5BA3-4B0D-B803-904AE2B8C5F5}.Debug|Any CPU.ActiveCfg = Debug|Any CPU
		{1E9233B7-5BA3-4B0D-B803-904AE2B8C5F5}.Debug|Any CPU.Build.0 = Debug|Any CPU
		{1E9233B7-5BA3-4B0D-B803-904AE2B8C5F5}.Debug|ARM.ActiveCfg = Debug|Any CPU
		{1E9233B7-5BA3-4B0D-B803-904AE2B8C5F5}.Debug|ARM.Build.0 = Debug|Any CPU
		{1E9233B7-5BA3-4B0D-B803-904AE2B8C5F5}.Debug|ARM64.ActiveCfg = Debug|Any CPU
		{1E9233B7-5BA3-4B0D-B803-904AE2B8C5F5}.Debug|ARM64.Build.0 = Debug|Any CPU
		{1E9233B7-5BA3-4B0D-B803-904AE2B8C5F5}.Debug|x64.ActiveCfg = Debug|Any CPU
		{1E9233B7-5BA3-4B0D-B803-904AE2B8C5F5}.Debug|x64.Build.0 = Debug|Any CPU
		{1E9233B7-5BA3-4B0D-B803-904AE2B8C5F5}.Debug|x86.ActiveCfg = Debug|Any CPU
		{1E9233B7-5BA3-4B0D-B803-904AE2B8C5F5}.Debug|x86.Build.0 = Debug|Any CPU
		{1E9233B7-5BA3-4B0D-B803-904AE2B8C5F5}.Release|Any CPU.ActiveCfg = Release|Any CPU
		{1E9233B7-5BA3-4B0D-B803-904AE2B8C5F5}.Release|Any CPU.Build.0 = Release|Any CPU
		{1E9233B7-5BA3-4B0D-B803-904AE2B8C5F5}.Release|ARM.ActiveCfg = Release|Any CPU
		{1E9233B7-5BA3-4B0D-B803-904AE2B8C5F5}.Release|ARM.Build.0 = Release|Any CPU
		{1E9233B7-5BA3-4B0D-B803-904AE2B8C5F5}.Release|ARM64.ActiveCfg = Release|Any CPU
		{1E9233B7-5BA3-4B0D-B803-904AE2B8C5F5}.Release|ARM64.Build.0 = Release|Any CPU
		{1E9233B7-5BA3-4B0D-B803-904AE2B8C5F5}.Release|x64.ActiveCfg = Release|Any CPU
		{1E9233B7-5BA3-4B0D-B803-904AE2B8C5F5}.Release|x64.Build.0 = Release|Any CPU
		{1E9233B7-5BA3-4B0D-B803-904AE2B8C5F5}.Release|x86.ActiveCfg = Release|Any CPU
		{1E9233B7-5BA3-4B0D-B803-904AE2B8C5F5}.Release|x86.Build.0 = Release|Any CPU
		{80426636-28AA-4D5F-8C9F-FB907DA635DC}.Debug|Any CPU.ActiveCfg = Debug|Any CPU
		{80426636-28AA-4D5F-8C9F-FB907DA635DC}.Debug|Any CPU.Build.0 = Debug|Any CPU
		{80426636-28AA-4D5F-8C9F-FB907DA635DC}.Debug|ARM.ActiveCfg = Debug|Any CPU
		{80426636-28AA-4D5F-8C9F-FB907DA635DC}.Debug|ARM.Build.0 = Debug|Any CPU
		{80426636-28AA-4D5F-8C9F-FB907DA635DC}.Debug|ARM64.ActiveCfg = Debug|Any CPU
		{80426636-28AA-4D5F-8C9F-FB907DA635DC}.Debug|ARM64.Build.0 = Debug|Any CPU
		{80426636-28AA-4D5F-8C9F-FB907DA635DC}.Debug|x64.ActiveCfg = Debug|Any CPU
		{80426636-28AA-4D5F-8C9F-FB907DA635DC}.Debug|x64.Build.0 = Debug|Any CPU
		{80426636-28AA-4D5F-8C9F-FB907DA635DC}.Debug|x86.ActiveCfg = Debug|Any CPU
		{80426636-28AA-4D5F-8C9F-FB907DA635DC}.Debug|x86.Build.0 = Debug|Any CPU
		{80426636-28AA-4D5F-8C9F-FB907DA635DC}.Release|Any CPU.ActiveCfg = Release|Any CPU
		{80426636-28AA-4D5F-8C9F-FB907DA635DC}.Release|Any CPU.Build.0 = Release|Any CPU
		{80426636-28AA-4D5F-8C9F-FB907DA635DC}.Release|ARM.ActiveCfg = Release|Any CPU
		{80426636-28AA-4D5F-8C9F-FB907DA635DC}.Release|ARM.Build.0 = Release|Any CPU
		{80426636-28AA-4D5F-8C9F-FB907DA635DC}.Release|ARM64.ActiveCfg = Release|Any CPU
		{80426636-28AA-4D5F-8C9F-FB907DA635DC}.Release|ARM64.Build.0 = Release|Any CPU
		{80426636-28AA-4D5F-8C9F-FB907DA635DC}.Release|x64.ActiveCfg = Release|Any CPU
		{80426636-28AA-4D5F-8C9F-FB907DA635DC}.Release|x64.Build.0 = Release|Any CPU
		{80426636-28AA-4D5F-8C9F-FB907DA635DC}.Release|x86.ActiveCfg = Release|Any CPU
		{80426636-28AA-4D5F-8C9F-FB907DA635DC}.Release|x86.Build.0 = Release|Any CPU
		{439AEA18-F347-4FDD-B483-3250BEBB2DBC}.Debug|Any CPU.ActiveCfg = Debug|Any CPU
		{439AEA18-F347-4FDD-B483-3250BEBB2DBC}.Debug|Any CPU.Build.0 = Debug|Any CPU
		{439AEA18-F347-4FDD-B483-3250BEBB2DBC}.Debug|ARM.ActiveCfg = Debug|Any CPU
		{439AEA18-F347-4FDD-B483-3250BEBB2DBC}.Debug|ARM.Build.0 = Debug|Any CPU
		{439AEA18-F347-4FDD-B483-3250BEBB2DBC}.Debug|ARM64.ActiveCfg = Debug|Any CPU
		{439AEA18-F347-4FDD-B483-3250BEBB2DBC}.Debug|ARM64.Build.0 = Debug|Any CPU
		{439AEA18-F347-4FDD-B483-3250BEBB2DBC}.Debug|x64.ActiveCfg = Debug|Any CPU
		{439AEA18-F347-4FDD-B483-3250BEBB2DBC}.Debug|x64.Build.0 = Debug|Any CPU
		{439AEA18-F347-4FDD-B483-3250BEBB2DBC}.Debug|x86.ActiveCfg = Debug|Any CPU
		{439AEA18-F347-4FDD-B483-3250BEBB2DBC}.Debug|x86.Build.0 = Debug|Any CPU
		{439AEA18-F347-4FDD-B483-3250BEBB2DBC}.Release|Any CPU.ActiveCfg = Release|Any CPU
		{439AEA18-F347-4FDD-B483-3250BEBB2DBC}.Release|Any CPU.Build.0 = Release|Any CPU
		{439AEA18-F347-4FDD-B483-3250BEBB2DBC}.Release|ARM.ActiveCfg = Release|Any CPU
		{439AEA18-F347-4FDD-B483-3250BEBB2DBC}.Release|ARM.Build.0 = Release|Any CPU
		{439AEA18-F347-4FDD-B483-3250BEBB2DBC}.Release|ARM64.ActiveCfg = Release|Any CPU
		{439AEA18-F347-4FDD-B483-3250BEBB2DBC}.Release|ARM64.Build.0 = Release|Any CPU
		{439AEA18-F347-4FDD-B483-3250BEBB2DBC}.Release|x64.ActiveCfg = Release|Any CPU
		{439AEA18-F347-4FDD-B483-3250BEBB2DBC}.Release|x64.Build.0 = Release|Any CPU
		{439AEA18-F347-4FDD-B483-3250BEBB2DBC}.Release|x86.ActiveCfg = Release|Any CPU
		{439AEA18-F347-4FDD-B483-3250BEBB2DBC}.Release|x86.Build.0 = Release|Any CPU
		{16BABB14-7127-4C46-AFC8-EA7C8D6EE754}.Debug|Any CPU.ActiveCfg = Debug|Any CPU
		{16BABB14-7127-4C46-AFC8-EA7C8D6EE754}.Debug|Any CPU.Build.0 = Debug|Any CPU
		{16BABB14-7127-4C46-AFC8-EA7C8D6EE754}.Debug|ARM.ActiveCfg = Debug|Any CPU
		{16BABB14-7127-4C46-AFC8-EA7C8D6EE754}.Debug|ARM.Build.0 = Debug|Any CPU
		{16BABB14-7127-4C46-AFC8-EA7C8D6EE754}.Debug|ARM64.ActiveCfg = Debug|Any CPU
		{16BABB14-7127-4C46-AFC8-EA7C8D6EE754}.Debug|ARM64.Build.0 = Debug|Any CPU
		{16BABB14-7127-4C46-AFC8-EA7C8D6EE754}.Debug|x64.ActiveCfg = Debug|Any CPU
		{16BABB14-7127-4C46-AFC8-EA7C8D6EE754}.Debug|x64.Build.0 = Debug|Any CPU
		{16BABB14-7127-4C46-AFC8-EA7C8D6EE754}.Debug|x86.ActiveCfg = Debug|Any CPU
		{16BABB14-7127-4C46-AFC8-EA7C8D6EE754}.Debug|x86.Build.0 = Debug|Any CPU
		{16BABB14-7127-4C46-AFC8-EA7C8D6EE754}.Release|Any CPU.ActiveCfg = Release|Any CPU
		{16BABB14-7127-4C46-AFC8-EA7C8D6EE754}.Release|Any CPU.Build.0 = Release|Any CPU
		{16BABB14-7127-4C46-AFC8-EA7C8D6EE754}.Release|ARM.ActiveCfg = Release|Any CPU
		{16BABB14-7127-4C46-AFC8-EA7C8D6EE754}.Release|ARM.Build.0 = Release|Any CPU
		{16BABB14-7127-4C46-AFC8-EA7C8D6EE754}.Release|ARM64.ActiveCfg = Release|Any CPU
		{16BABB14-7127-4C46-AFC8-EA7C8D6EE754}.Release|ARM64.Build.0 = Release|Any CPU
		{16BABB14-7127-4C46-AFC8-EA7C8D6EE754}.Release|x64.ActiveCfg = Release|Any CPU
		{16BABB14-7127-4C46-AFC8-EA7C8D6EE754}.Release|x64.Build.0 = Release|Any CPU
		{16BABB14-7127-4C46-AFC8-EA7C8D6EE754}.Release|x86.ActiveCfg = Release|Any CPU
		{16BABB14-7127-4C46-AFC8-EA7C8D6EE754}.Release|x86.Build.0 = Release|Any CPU
		{14F5E4EB-95EB-4AFE-A578-DE58B9E23E29}.Debug|Any CPU.ActiveCfg = Debug|Any CPU
		{14F5E4EB-95EB-4AFE-A578-DE58B9E23E29}.Debug|Any CPU.Build.0 = Debug|Any CPU
		{14F5E4EB-95EB-4AFE-A578-DE58B9E23E29}.Debug|ARM.ActiveCfg = Debug|Any CPU
		{14F5E4EB-95EB-4AFE-A578-DE58B9E23E29}.Debug|ARM.Build.0 = Debug|Any CPU
		{14F5E4EB-95EB-4AFE-A578-DE58B9E23E29}.Debug|ARM64.ActiveCfg = Debug|Any CPU
		{14F5E4EB-95EB-4AFE-A578-DE58B9E23E29}.Debug|ARM64.Build.0 = Debug|Any CPU
		{14F5E4EB-95EB-4AFE-A578-DE58B9E23E29}.Debug|x64.ActiveCfg = Debug|Any CPU
		{14F5E4EB-95EB-4AFE-A578-DE58B9E23E29}.Debug|x64.Build.0 = Debug|Any CPU
		{14F5E4EB-95EB-4AFE-A578-DE58B9E23E29}.Debug|x86.ActiveCfg = Debug|Any CPU
		{14F5E4EB-95EB-4AFE-A578-DE58B9E23E29}.Debug|x86.Build.0 = Debug|Any CPU
		{14F5E4EB-95EB-4AFE-A578-DE58B9E23E29}.Release|Any CPU.ActiveCfg = Release|Any CPU
		{14F5E4EB-95EB-4AFE-A578-DE58B9E23E29}.Release|Any CPU.Build.0 = Release|Any CPU
		{14F5E4EB-95EB-4AFE-A578-DE58B9E23E29}.Release|ARM.ActiveCfg = Release|Any CPU
		{14F5E4EB-95EB-4AFE-A578-DE58B9E23E29}.Release|ARM.Build.0 = Release|Any CPU
		{14F5E4EB-95EB-4AFE-A578-DE58B9E23E29}.Release|ARM64.ActiveCfg = Release|Any CPU
		{14F5E4EB-95EB-4AFE-A578-DE58B9E23E29}.Release|ARM64.Build.0 = Release|Any CPU
		{14F5E4EB-95EB-4AFE-A578-DE58B9E23E29}.Release|x64.ActiveCfg = Release|Any CPU
		{14F5E4EB-95EB-4AFE-A578-DE58B9E23E29}.Release|x64.Build.0 = Release|Any CPU
		{14F5E4EB-95EB-4AFE-A578-DE58B9E23E29}.Release|x86.ActiveCfg = Release|Any CPU
		{14F5E4EB-95EB-4AFE-A578-DE58B9E23E29}.Release|x86.Build.0 = Release|Any CPU
		{058EF1EE-4C10-4AFB-8B8A-F4CFB2788938}.Debug|Any CPU.ActiveCfg = Debug|Any CPU
		{058EF1EE-4C10-4AFB-8B8A-F4CFB2788938}.Debug|Any CPU.Build.0 = Debug|Any CPU
		{058EF1EE-4C10-4AFB-8B8A-F4CFB2788938}.Debug|ARM.ActiveCfg = Debug|Any CPU
		{058EF1EE-4C10-4AFB-8B8A-F4CFB2788938}.Debug|ARM.Build.0 = Debug|Any CPU
		{058EF1EE-4C10-4AFB-8B8A-F4CFB2788938}.Debug|ARM64.ActiveCfg = Debug|Any CPU
		{058EF1EE-4C10-4AFB-8B8A-F4CFB2788938}.Debug|ARM64.Build.0 = Debug|Any CPU
		{058EF1EE-4C10-4AFB-8B8A-F4CFB2788938}.Debug|x64.ActiveCfg = Debug|Any CPU
		{058EF1EE-4C10-4AFB-8B8A-F4CFB2788938}.Debug|x64.Build.0 = Debug|Any CPU
		{058EF1EE-4C10-4AFB-8B8A-F4CFB2788938}.Debug|x86.ActiveCfg = Debug|Any CPU
		{058EF1EE-4C10-4AFB-8B8A-F4CFB2788938}.Debug|x86.Build.0 = Debug|Any CPU
		{058EF1EE-4C10-4AFB-8B8A-F4CFB2788938}.Release|Any CPU.ActiveCfg = Release|Any CPU
		{058EF1EE-4C10-4AFB-8B8A-F4CFB2788938}.Release|Any CPU.Build.0 = Release|Any CPU
		{058EF1EE-4C10-4AFB-8B8A-F4CFB2788938}.Release|ARM.ActiveCfg = Release|Any CPU
		{058EF1EE-4C10-4AFB-8B8A-F4CFB2788938}.Release|ARM.Build.0 = Release|Any CPU
		{058EF1EE-4C10-4AFB-8B8A-F4CFB2788938}.Release|ARM64.ActiveCfg = Release|Any CPU
		{058EF1EE-4C10-4AFB-8B8A-F4CFB2788938}.Release|ARM64.Build.0 = Release|Any CPU
		{058EF1EE-4C10-4AFB-8B8A-F4CFB2788938}.Release|x64.ActiveCfg = Release|Any CPU
		{058EF1EE-4C10-4AFB-8B8A-F4CFB2788938}.Release|x64.Build.0 = Release|Any CPU
		{058EF1EE-4C10-4AFB-8B8A-F4CFB2788938}.Release|x86.ActiveCfg = Release|Any CPU
		{058EF1EE-4C10-4AFB-8B8A-F4CFB2788938}.Release|x86.Build.0 = Release|Any CPU
		{E892F1B0-44E2-4571-9F5D-2C40D5206E76}.Debug|Any CPU.ActiveCfg = Debug|Any CPU
		{E892F1B0-44E2-4571-9F5D-2C40D5206E76}.Debug|Any CPU.Build.0 = Debug|Any CPU
		{E892F1B0-44E2-4571-9F5D-2C40D5206E76}.Debug|ARM.ActiveCfg = Debug|Any CPU
		{E892F1B0-44E2-4571-9F5D-2C40D5206E76}.Debug|ARM.Build.0 = Debug|Any CPU
		{E892F1B0-44E2-4571-9F5D-2C40D5206E76}.Debug|ARM64.ActiveCfg = Debug|Any CPU
		{E892F1B0-44E2-4571-9F5D-2C40D5206E76}.Debug|ARM64.Build.0 = Debug|Any CPU
		{E892F1B0-44E2-4571-9F5D-2C40D5206E76}.Debug|x64.ActiveCfg = Debug|Any CPU
		{E892F1B0-44E2-4571-9F5D-2C40D5206E76}.Debug|x64.Build.0 = Debug|Any CPU
		{E892F1B0-44E2-4571-9F5D-2C40D5206E76}.Debug|x86.ActiveCfg = Debug|Any CPU
		{E892F1B0-44E2-4571-9F5D-2C40D5206E76}.Debug|x86.Build.0 = Debug|Any CPU
		{E892F1B0-44E2-4571-9F5D-2C40D5206E76}.Release|Any CPU.ActiveCfg = Release|Any CPU
		{E892F1B0-44E2-4571-9F5D-2C40D5206E76}.Release|Any CPU.Build.0 = Release|Any CPU
		{E892F1B0-44E2-4571-9F5D-2C40D5206E76}.Release|ARM.ActiveCfg = Release|Any CPU
		{E892F1B0-44E2-4571-9F5D-2C40D5206E76}.Release|ARM.Build.0 = Release|Any CPU
		{E892F1B0-44E2-4571-9F5D-2C40D5206E76}.Release|ARM64.ActiveCfg = Release|Any CPU
		{E892F1B0-44E2-4571-9F5D-2C40D5206E76}.Release|ARM64.Build.0 = Release|Any CPU
		{E892F1B0-44E2-4571-9F5D-2C40D5206E76}.Release|x64.ActiveCfg = Release|Any CPU
		{E892F1B0-44E2-4571-9F5D-2C40D5206E76}.Release|x64.Build.0 = Release|Any CPU
		{E892F1B0-44E2-4571-9F5D-2C40D5206E76}.Release|x86.ActiveCfg = Release|Any CPU
		{E892F1B0-44E2-4571-9F5D-2C40D5206E76}.Release|x86.Build.0 = Release|Any CPU
		{FD85C037-4210-4A6C-B567-E9F186577FEB}.Debug|Any CPU.ActiveCfg = Debug|Any CPU
		{FD85C037-4210-4A6C-B567-E9F186577FEB}.Debug|Any CPU.Build.0 = Debug|Any CPU
		{FD85C037-4210-4A6C-B567-E9F186577FEB}.Debug|ARM.ActiveCfg = Debug|Any CPU
		{FD85C037-4210-4A6C-B567-E9F186577FEB}.Debug|ARM.Build.0 = Debug|Any CPU
		{FD85C037-4210-4A6C-B567-E9F186577FEB}.Debug|ARM64.ActiveCfg = Debug|Any CPU
		{FD85C037-4210-4A6C-B567-E9F186577FEB}.Debug|ARM64.Build.0 = Debug|Any CPU
		{FD85C037-4210-4A6C-B567-E9F186577FEB}.Debug|x64.ActiveCfg = Debug|Any CPU
		{FD85C037-4210-4A6C-B567-E9F186577FEB}.Debug|x64.Build.0 = Debug|Any CPU
		{FD85C037-4210-4A6C-B567-E9F186577FEB}.Debug|x86.ActiveCfg = Debug|Any CPU
		{FD85C037-4210-4A6C-B567-E9F186577FEB}.Debug|x86.Build.0 = Debug|Any CPU
		{FD85C037-4210-4A6C-B567-E9F186577FEB}.Release|Any CPU.ActiveCfg = Release|Any CPU
		{FD85C037-4210-4A6C-B567-E9F186577FEB}.Release|Any CPU.Build.0 = Release|Any CPU
		{FD85C037-4210-4A6C-B567-E9F186577FEB}.Release|ARM.ActiveCfg = Release|Any CPU
		{FD85C037-4210-4A6C-B567-E9F186577FEB}.Release|ARM.Build.0 = Release|Any CPU
		{FD85C037-4210-4A6C-B567-E9F186577FEB}.Release|ARM64.ActiveCfg = Release|Any CPU
		{FD85C037-4210-4A6C-B567-E9F186577FEB}.Release|ARM64.Build.0 = Release|Any CPU
		{FD85C037-4210-4A6C-B567-E9F186577FEB}.Release|x64.ActiveCfg = Release|Any CPU
		{FD85C037-4210-4A6C-B567-E9F186577FEB}.Release|x64.Build.0 = Release|Any CPU
		{FD85C037-4210-4A6C-B567-E9F186577FEB}.Release|x86.ActiveCfg = Release|Any CPU
		{FD85C037-4210-4A6C-B567-E9F186577FEB}.Release|x86.Build.0 = Release|Any CPU
		{5EBD7C4E-5D35-4905-B7A7-DDA375964F22}.Debug|Any CPU.ActiveCfg = Debug|Any CPU
		{5EBD7C4E-5D35-4905-B7A7-DDA375964F22}.Debug|Any CPU.Build.0 = Debug|Any CPU
		{5EBD7C4E-5D35-4905-B7A7-DDA375964F22}.Debug|ARM.ActiveCfg = Debug|Any CPU
		{5EBD7C4E-5D35-4905-B7A7-DDA375964F22}.Debug|ARM.Build.0 = Debug|Any CPU
		{5EBD7C4E-5D35-4905-B7A7-DDA375964F22}.Debug|ARM64.ActiveCfg = Debug|Any CPU
		{5EBD7C4E-5D35-4905-B7A7-DDA375964F22}.Debug|ARM64.Build.0 = Debug|Any CPU
		{5EBD7C4E-5D35-4905-B7A7-DDA375964F22}.Debug|x64.ActiveCfg = Debug|Any CPU
		{5EBD7C4E-5D35-4905-B7A7-DDA375964F22}.Debug|x64.Build.0 = Debug|Any CPU
		{5EBD7C4E-5D35-4905-B7A7-DDA375964F22}.Debug|x86.ActiveCfg = Debug|Any CPU
		{5EBD7C4E-5D35-4905-B7A7-DDA375964F22}.Debug|x86.Build.0 = Debug|Any CPU
		{5EBD7C4E-5D35-4905-B7A7-DDA375964F22}.Release|Any CPU.ActiveCfg = Release|Any CPU
		{5EBD7C4E-5D35-4905-B7A7-DDA375964F22}.Release|Any CPU.Build.0 = Release|Any CPU
		{5EBD7C4E-5D35-4905-B7A7-DDA375964F22}.Release|ARM.ActiveCfg = Release|Any CPU
		{5EBD7C4E-5D35-4905-B7A7-DDA375964F22}.Release|ARM.Build.0 = Release|Any CPU
		{5EBD7C4E-5D35-4905-B7A7-DDA375964F22}.Release|ARM64.ActiveCfg = Release|Any CPU
		{5EBD7C4E-5D35-4905-B7A7-DDA375964F22}.Release|ARM64.Build.0 = Release|Any CPU
		{5EBD7C4E-5D35-4905-B7A7-DDA375964F22}.Release|x64.ActiveCfg = Release|Any CPU
		{5EBD7C4E-5D35-4905-B7A7-DDA375964F22}.Release|x64.Build.0 = Release|Any CPU
		{5EBD7C4E-5D35-4905-B7A7-DDA375964F22}.Release|x86.ActiveCfg = Release|Any CPU
		{5EBD7C4E-5D35-4905-B7A7-DDA375964F22}.Release|x86.Build.0 = Release|Any CPU
		{607795E0-5A8C-4631-A2F4-E993277C0B9A}.Debug|Any CPU.ActiveCfg = Debug|Any CPU
		{607795E0-5A8C-4631-A2F4-E993277C0B9A}.Debug|Any CPU.Build.0 = Debug|Any CPU
		{607795E0-5A8C-4631-A2F4-E993277C0B9A}.Debug|ARM.ActiveCfg = Debug|Any CPU
		{607795E0-5A8C-4631-A2F4-E993277C0B9A}.Debug|ARM.Build.0 = Debug|Any CPU
		{607795E0-5A8C-4631-A2F4-E993277C0B9A}.Debug|ARM64.ActiveCfg = Debug|Any CPU
		{607795E0-5A8C-4631-A2F4-E993277C0B9A}.Debug|ARM64.Build.0 = Debug|Any CPU
		{607795E0-5A8C-4631-A2F4-E993277C0B9A}.Debug|x64.ActiveCfg = Debug|Any CPU
		{607795E0-5A8C-4631-A2F4-E993277C0B9A}.Debug|x64.Build.0 = Debug|Any CPU
		{607795E0-5A8C-4631-A2F4-E993277C0B9A}.Debug|x86.ActiveCfg = Debug|Any CPU
		{607795E0-5A8C-4631-A2F4-E993277C0B9A}.Debug|x86.Build.0 = Debug|Any CPU
		{607795E0-5A8C-4631-A2F4-E993277C0B9A}.Release|Any CPU.ActiveCfg = Release|Any CPU
		{607795E0-5A8C-4631-A2F4-E993277C0B9A}.Release|Any CPU.Build.0 = Release|Any CPU
		{607795E0-5A8C-4631-A2F4-E993277C0B9A}.Release|ARM.ActiveCfg = Release|Any CPU
		{607795E0-5A8C-4631-A2F4-E993277C0B9A}.Release|ARM.Build.0 = Release|Any CPU
		{607795E0-5A8C-4631-A2F4-E993277C0B9A}.Release|ARM64.ActiveCfg = Release|Any CPU
		{607795E0-5A8C-4631-A2F4-E993277C0B9A}.Release|ARM64.Build.0 = Release|Any CPU
		{607795E0-5A8C-4631-A2F4-E993277C0B9A}.Release|x64.ActiveCfg = Release|Any CPU
		{607795E0-5A8C-4631-A2F4-E993277C0B9A}.Release|x64.Build.0 = Release|Any CPU
		{607795E0-5A8C-4631-A2F4-E993277C0B9A}.Release|x86.ActiveCfg = Release|Any CPU
		{607795E0-5A8C-4631-A2F4-E993277C0B9A}.Release|x86.Build.0 = Release|Any CPU
		{20A8C864-47F9-435F-AE01-C5B9719EEBE1}.Debug|Any CPU.ActiveCfg = Debug|Any CPU
		{20A8C864-47F9-435F-AE01-C5B9719EEBE1}.Debug|Any CPU.Build.0 = Debug|Any CPU
		{20A8C864-47F9-435F-AE01-C5B9719EEBE1}.Debug|ARM.ActiveCfg = Debug|Any CPU
		{20A8C864-47F9-435F-AE01-C5B9719EEBE1}.Debug|ARM.Build.0 = Debug|Any CPU
		{20A8C864-47F9-435F-AE01-C5B9719EEBE1}.Debug|ARM64.ActiveCfg = Debug|Any CPU
		{20A8C864-47F9-435F-AE01-C5B9719EEBE1}.Debug|ARM64.Build.0 = Debug|Any CPU
		{20A8C864-47F9-435F-AE01-C5B9719EEBE1}.Debug|x64.ActiveCfg = Debug|Any CPU
		{20A8C864-47F9-435F-AE01-C5B9719EEBE1}.Debug|x64.Build.0 = Debug|Any CPU
		{20A8C864-47F9-435F-AE01-C5B9719EEBE1}.Debug|x86.ActiveCfg = Debug|Any CPU
		{20A8C864-47F9-435F-AE01-C5B9719EEBE1}.Debug|x86.Build.0 = Debug|Any CPU
		{20A8C864-47F9-435F-AE01-C5B9719EEBE1}.Release|Any CPU.ActiveCfg = Release|Any CPU
		{20A8C864-47F9-435F-AE01-C5B9719EEBE1}.Release|Any CPU.Build.0 = Release|Any CPU
		{20A8C864-47F9-435F-AE01-C5B9719EEBE1}.Release|ARM.ActiveCfg = Release|Any CPU
		{20A8C864-47F9-435F-AE01-C5B9719EEBE1}.Release|ARM.Build.0 = Release|Any CPU
		{20A8C864-47F9-435F-AE01-C5B9719EEBE1}.Release|ARM64.ActiveCfg = Release|Any CPU
		{20A8C864-47F9-435F-AE01-C5B9719EEBE1}.Release|ARM64.Build.0 = Release|Any CPU
		{20A8C864-47F9-435F-AE01-C5B9719EEBE1}.Release|x64.ActiveCfg = Release|Any CPU
		{20A8C864-47F9-435F-AE01-C5B9719EEBE1}.Release|x64.Build.0 = Release|Any CPU
		{20A8C864-47F9-435F-AE01-C5B9719EEBE1}.Release|x86.ActiveCfg = Release|Any CPU
		{20A8C864-47F9-435F-AE01-C5B9719EEBE1}.Release|x86.Build.0 = Release|Any CPU
		{8D5EB5DF-2876-45EA-B77A-E199F86FD1C8}.Debug|Any CPU.ActiveCfg = Debug|Any CPU
		{8D5EB5DF-2876-45EA-B77A-E199F86FD1C8}.Debug|Any CPU.Build.0 = Debug|Any CPU
		{8D5EB5DF-2876-45EA-B77A-E199F86FD1C8}.Debug|ARM.ActiveCfg = Debug|Any CPU
		{8D5EB5DF-2876-45EA-B77A-E199F86FD1C8}.Debug|ARM.Build.0 = Debug|Any CPU
		{8D5EB5DF-2876-45EA-B77A-E199F86FD1C8}.Debug|ARM64.ActiveCfg = Debug|Any CPU
		{8D5EB5DF-2876-45EA-B77A-E199F86FD1C8}.Debug|ARM64.Build.0 = Debug|Any CPU
		{8D5EB5DF-2876-45EA-B77A-E199F86FD1C8}.Debug|x64.ActiveCfg = Debug|Any CPU
		{8D5EB5DF-2876-45EA-B77A-E199F86FD1C8}.Debug|x64.Build.0 = Debug|Any CPU
		{8D5EB5DF-2876-45EA-B77A-E199F86FD1C8}.Debug|x86.ActiveCfg = Debug|Any CPU
		{8D5EB5DF-2876-45EA-B77A-E199F86FD1C8}.Debug|x86.Build.0 = Debug|Any CPU
		{8D5EB5DF-2876-45EA-B77A-E199F86FD1C8}.Release|Any CPU.ActiveCfg = Release|Any CPU
		{8D5EB5DF-2876-45EA-B77A-E199F86FD1C8}.Release|Any CPU.Build.0 = Release|Any CPU
		{8D5EB5DF-2876-45EA-B77A-E199F86FD1C8}.Release|ARM.ActiveCfg = Release|Any CPU
		{8D5EB5DF-2876-45EA-B77A-E199F86FD1C8}.Release|ARM.Build.0 = Release|Any CPU
		{8D5EB5DF-2876-45EA-B77A-E199F86FD1C8}.Release|ARM64.ActiveCfg = Release|Any CPU
		{8D5EB5DF-2876-45EA-B77A-E199F86FD1C8}.Release|ARM64.Build.0 = Release|Any CPU
		{8D5EB5DF-2876-45EA-B77A-E199F86FD1C8}.Release|x64.ActiveCfg = Release|Any CPU
		{8D5EB5DF-2876-45EA-B77A-E199F86FD1C8}.Release|x64.Build.0 = Release|Any CPU
		{8D5EB5DF-2876-45EA-B77A-E199F86FD1C8}.Release|x86.ActiveCfg = Release|Any CPU
		{8D5EB5DF-2876-45EA-B77A-E199F86FD1C8}.Release|x86.Build.0 = Release|Any CPU
		{9CFBFDFB-E03F-4FFA-84F6-996F75E1FC64}.Debug|Any CPU.ActiveCfg = Debug|Any CPU
		{9CFBFDFB-E03F-4FFA-84F6-996F75E1FC64}.Debug|Any CPU.Build.0 = Debug|Any CPU
		{9CFBFDFB-E03F-4FFA-84F6-996F75E1FC64}.Debug|ARM.ActiveCfg = Debug|Any CPU
		{9CFBFDFB-E03F-4FFA-84F6-996F75E1FC64}.Debug|ARM.Build.0 = Debug|Any CPU
		{9CFBFDFB-E03F-4FFA-84F6-996F75E1FC64}.Debug|ARM64.ActiveCfg = Debug|Any CPU
		{9CFBFDFB-E03F-4FFA-84F6-996F75E1FC64}.Debug|ARM64.Build.0 = Debug|Any CPU
		{9CFBFDFB-E03F-4FFA-84F6-996F75E1FC64}.Debug|x64.ActiveCfg = Debug|Any CPU
		{9CFBFDFB-E03F-4FFA-84F6-996F75E1FC64}.Debug|x64.Build.0 = Debug|Any CPU
		{9CFBFDFB-E03F-4FFA-84F6-996F75E1FC64}.Debug|x86.ActiveCfg = Debug|Any CPU
		{9CFBFDFB-E03F-4FFA-84F6-996F75E1FC64}.Debug|x86.Build.0 = Debug|Any CPU
		{9CFBFDFB-E03F-4FFA-84F6-996F75E1FC64}.Release|Any CPU.ActiveCfg = Release|Any CPU
		{9CFBFDFB-E03F-4FFA-84F6-996F75E1FC64}.Release|Any CPU.Build.0 = Release|Any CPU
		{9CFBFDFB-E03F-4FFA-84F6-996F75E1FC64}.Release|ARM.ActiveCfg = Release|Any CPU
		{9CFBFDFB-E03F-4FFA-84F6-996F75E1FC64}.Release|ARM.Build.0 = Release|Any CPU
		{9CFBFDFB-E03F-4FFA-84F6-996F75E1FC64}.Release|ARM64.ActiveCfg = Release|Any CPU
		{9CFBFDFB-E03F-4FFA-84F6-996F75E1FC64}.Release|ARM64.Build.0 = Release|Any CPU
		{9CFBFDFB-E03F-4FFA-84F6-996F75E1FC64}.Release|x64.ActiveCfg = Release|Any CPU
		{9CFBFDFB-E03F-4FFA-84F6-996F75E1FC64}.Release|x64.Build.0 = Release|Any CPU
		{9CFBFDFB-E03F-4FFA-84F6-996F75E1FC64}.Release|x86.ActiveCfg = Release|Any CPU
		{9CFBFDFB-E03F-4FFA-84F6-996F75E1FC64}.Release|x86.Build.0 = Release|Any CPU
		{A3D8F6E1-29E4-4A4B-BD86-2BD55FBCD0BF}.Debug|Any CPU.ActiveCfg = Debug|Any CPU
		{A3D8F6E1-29E4-4A4B-BD86-2BD55FBCD0BF}.Debug|Any CPU.Build.0 = Debug|Any CPU
		{A3D8F6E1-29E4-4A4B-BD86-2BD55FBCD0BF}.Debug|ARM.ActiveCfg = Debug|Any CPU
		{A3D8F6E1-29E4-4A4B-BD86-2BD55FBCD0BF}.Debug|ARM.Build.0 = Debug|Any CPU
		{A3D8F6E1-29E4-4A4B-BD86-2BD55FBCD0BF}.Debug|ARM64.ActiveCfg = Debug|Any CPU
		{A3D8F6E1-29E4-4A4B-BD86-2BD55FBCD0BF}.Debug|ARM64.Build.0 = Debug|Any CPU
		{A3D8F6E1-29E4-4A4B-BD86-2BD55FBCD0BF}.Debug|x64.ActiveCfg = Debug|Any CPU
		{A3D8F6E1-29E4-4A4B-BD86-2BD55FBCD0BF}.Debug|x64.Build.0 = Debug|Any CPU
		{A3D8F6E1-29E4-4A4B-BD86-2BD55FBCD0BF}.Debug|x86.ActiveCfg = Debug|Any CPU
		{A3D8F6E1-29E4-4A4B-BD86-2BD55FBCD0BF}.Debug|x86.Build.0 = Debug|Any CPU
		{A3D8F6E1-29E4-4A4B-BD86-2BD55FBCD0BF}.Release|Any CPU.ActiveCfg = Release|Any CPU
		{A3D8F6E1-29E4-4A4B-BD86-2BD55FBCD0BF}.Release|Any CPU.Build.0 = Release|Any CPU
		{A3D8F6E1-29E4-4A4B-BD86-2BD55FBCD0BF}.Release|ARM.ActiveCfg = Release|Any CPU
		{A3D8F6E1-29E4-4A4B-BD86-2BD55FBCD0BF}.Release|ARM.Build.0 = Release|Any CPU
		{A3D8F6E1-29E4-4A4B-BD86-2BD55FBCD0BF}.Release|ARM64.ActiveCfg = Release|Any CPU
		{A3D8F6E1-29E4-4A4B-BD86-2BD55FBCD0BF}.Release|ARM64.Build.0 = Release|Any CPU
		{A3D8F6E1-29E4-4A4B-BD86-2BD55FBCD0BF}.Release|x64.ActiveCfg = Release|Any CPU
		{A3D8F6E1-29E4-4A4B-BD86-2BD55FBCD0BF}.Release|x64.Build.0 = Release|Any CPU
		{A3D8F6E1-29E4-4A4B-BD86-2BD55FBCD0BF}.Release|x86.ActiveCfg = Release|Any CPU
		{A3D8F6E1-29E4-4A4B-BD86-2BD55FBCD0BF}.Release|x86.Build.0 = Release|Any CPU
		{4F91CCB8-5E78-4779-A273-CF752831CEE4}.Debug|Any CPU.ActiveCfg = Debug|Any CPU
		{4F91CCB8-5E78-4779-A273-CF752831CEE4}.Debug|Any CPU.Build.0 = Debug|Any CPU
		{4F91CCB8-5E78-4779-A273-CF752831CEE4}.Debug|ARM.ActiveCfg = Debug|Any CPU
		{4F91CCB8-5E78-4779-A273-CF752831CEE4}.Debug|ARM.Build.0 = Debug|Any CPU
		{4F91CCB8-5E78-4779-A273-CF752831CEE4}.Debug|ARM64.ActiveCfg = Debug|Any CPU
		{4F91CCB8-5E78-4779-A273-CF752831CEE4}.Debug|ARM64.Build.0 = Debug|Any CPU
		{4F91CCB8-5E78-4779-A273-CF752831CEE4}.Debug|x64.ActiveCfg = Debug|Any CPU
		{4F91CCB8-5E78-4779-A273-CF752831CEE4}.Debug|x64.Build.0 = Debug|Any CPU
		{4F91CCB8-5E78-4779-A273-CF752831CEE4}.Debug|x86.ActiveCfg = Debug|Any CPU
		{4F91CCB8-5E78-4779-A273-CF752831CEE4}.Debug|x86.Build.0 = Debug|Any CPU
		{4F91CCB8-5E78-4779-A273-CF752831CEE4}.Release|Any CPU.ActiveCfg = Release|Any CPU
		{4F91CCB8-5E78-4779-A273-CF752831CEE4}.Release|Any CPU.Build.0 = Release|Any CPU
		{4F91CCB8-5E78-4779-A273-CF752831CEE4}.Release|ARM.ActiveCfg = Release|Any CPU
		{4F91CCB8-5E78-4779-A273-CF752831CEE4}.Release|ARM.Build.0 = Release|Any CPU
		{4F91CCB8-5E78-4779-A273-CF752831CEE4}.Release|ARM64.ActiveCfg = Release|Any CPU
		{4F91CCB8-5E78-4779-A273-CF752831CEE4}.Release|ARM64.Build.0 = Release|Any CPU
		{4F91CCB8-5E78-4779-A273-CF752831CEE4}.Release|x64.ActiveCfg = Release|Any CPU
		{4F91CCB8-5E78-4779-A273-CF752831CEE4}.Release|x64.Build.0 = Release|Any CPU
		{4F91CCB8-5E78-4779-A273-CF752831CEE4}.Release|x86.ActiveCfg = Release|Any CPU
		{4F91CCB8-5E78-4779-A273-CF752831CEE4}.Release|x86.Build.0 = Release|Any CPU
	EndGlobalSection
	GlobalSection(SolutionProperties) = preSolution
		HideSolutionNode = FALSE
	EndGlobalSection
	GlobalSection(NestedProjects) = preSolution
		{5D93384D-E5B1-4960-A4D7-24AAB48F2C16} = {D2CD47F4-579A-4B2C-A783-3D10BD9392C6}
		{1EAB373B-FA7A-4DA2-93E2-C9C7BD0F782E} = {D2CD47F4-579A-4B2C-A783-3D10BD9392C6}
		{51C3C96D-11E9-4BC1-AF34-A32A6F78611B} = {7535AC2F-2955-47DA-AB2A-E75111782A7F}
		{B68494A2-3CD0-4680-A69B-5B6C34D7BB44} = {7535AC2F-2955-47DA-AB2A-E75111782A7F}
		{A25BDD95-7496-46AF-BBA1-C1317BA7F5AA} = {041FB55F-7ED6-4055-852E-38D555F3FA2C}
		{1E9233B7-5BA3-4B0D-B803-904AE2B8C5F5} = {041FB55F-7ED6-4055-852E-38D555F3FA2C}
		{80426636-28AA-4D5F-8C9F-FB907DA635DC} = {041FB55F-7ED6-4055-852E-38D555F3FA2C}
		{439AEA18-F347-4FDD-B483-3250BEBB2DBC} = {F560DCEC-D860-428C-B472-DCC6C4245729}
		{16BABB14-7127-4C46-AFC8-EA7C8D6EE754} = {F560DCEC-D860-428C-B472-DCC6C4245729}
		{14F5E4EB-95EB-4AFE-A578-DE58B9E23E29} = {F560DCEC-D860-428C-B472-DCC6C4245729}
		{058EF1EE-4C10-4AFB-8B8A-F4CFB2788938} = {1E83F664-9660-4189-A7E5-4A600071DE79}
		{E892F1B0-44E2-4571-9F5D-2C40D5206E76} = {DAE80D34-B19E-4A06-A7C3-00A2CA1B24F7}
		{FD85C037-4210-4A6C-B567-E9F186577FEB} = {336A98BB-E373-445B-924D-F89B113E4C40}
		{5EBD7C4E-5D35-4905-B7A7-DDA375964F22} = {47D72E55-BAFF-417F-9062-4CAF52A4EFD2}
		{607795E0-5A8C-4631-A2F4-E993277C0B9A} = {BA7C5EDB-6A3C-4FC0-99FE-B164A146CA43}
		{20A8C864-47F9-435F-AE01-C5B9719EEBE1} = {EA124F71-DCA3-4390-97B1-240855635721}
		{8D5EB5DF-2876-45EA-B77A-E199F86FD1C8} = {B549E8C5-C9E4-45A9-9292-1050E99B723C}
		{9CFBFDFB-E03F-4FFA-84F6-996F75E1FC64} = {B549E8C5-C9E4-45A9-9292-1050E99B723C}
		{A3D8F6E1-29E4-4A4B-BD86-2BD55FBCD0BF} = {B549E8C5-C9E4-45A9-9292-1050E99B723C}
		{4F91CCB8-5E78-4779-A273-CF752831CEE4} = {B549E8C5-C9E4-45A9-9292-1050E99B723C}
	EndGlobalSection
	GlobalSection(ExtensibilityGlobals) = postSolution
		SolutionGuid = {202C03BB-F0ED-4DEF-BBA6-9210ADAAAA00}
	EndGlobalSection
EndGlobal
