
Microsoft Visual Studio Solution File, Format Version 12.00
# Visual Studio Version 16
VisualStudioVersion = 16.0.28803.452
MinimumVisualStudioVersion = 10.0.40219.1
Project("{FAE04EC0-301F-11D3-BF4B-00C04F79EFBC}") = "WpfTest", "WpfTest\WpfTest.csproj", "{B2E78C7B-B7ED-43AF-A12F-8A667438A724}"
EndProject
Project("{C7167F0D-BC9F-4E6E-AFE1-012C56B48DB5}") = "WpfTestPackage", "WpfTestPackage\WpfTestPackage.wapproj", "{3A5CE7EA-B823-4D2D-97A0-75DD6ADC7214}"
EndProject
Project("{9A19103F-16F7-4668-BE54-9A1E7A4F7556}") = "CoreWpf", "CoreWpf\CoreWpf.csproj", "{78E56B4A-0C62-4BC4-A5D7-F95CDE51B98E}"
EndProject
Project("{9A19103F-16F7-4668-BE54-9A1E7A4F7556}") = "CoreWpfMemory", "CoreWpfMemory\CoreWpfMemory.csproj", "{E215D475-72BB-4C57-AC97-B59D35A50FD3}"
EndProject
Project("{9A19103F-16F7-4668-BE54-9A1E7A4F7556}") = "CoreWpfContextMenu", "CoreWpfContextMenu\CoreWpfContextMenu.csproj", "{45512DAD-F377-4BA4-8FF6-6EC4984050A9}"
EndProject
Project("{FAE04EC0-301F-11D3-BF4B-00C04F79EFBC}") = "WpfLocalization", "WpfLocalization\WpfLocalization.csproj", "{CA3F5F67-D237-4BE3-8C8E-91C637725EB0}"
EndProject
Project("{FAE04EC0-301F-11D3-BF4B-00C04F79EFBC}") = "CoreWpfLocalization", "CoreWpfLocalization\CoreWpfLocalization.csproj", "{FD573308-E337-45CB-804B-679FE9C28C46}"
EndProject
Global
	GlobalSection(SolutionConfigurationPlatforms) = preSolution
		Debug|Any CPU = Debug|Any CPU
		Debug|ARM = Debug|ARM
		Debug|ARM64 = Debug|ARM64
		Debug|x64 = Debug|x64
		Debug|x86 = Debug|x86
		Release|Any CPU = Release|Any CPU
		Release|ARM = Release|ARM
		Release|ARM64 = Release|ARM64
		Release|x64 = Release|x64
		Release|x86 = Release|x86
	EndGlobalSection
	GlobalSection(ProjectConfigurationPlatforms) = postSolution
		{B2E78C7B-B7ED-43AF-A12F-8A667438A724}.Debug|Any CPU.ActiveCfg = Debug|Any CPU
		{B2E78C7B-B7ED-43AF-A12F-8A667438A724}.Debug|Any CPU.Build.0 = Debug|Any CPU
		{B2E78C7B-B7ED-43AF-A12F-8A667438A724}.Debug|ARM.ActiveCfg = Debug|Any CPU
		{B2E78C7B-B7ED-43AF-A12F-8A667438A724}.Debug|ARM.Build.0 = Debug|Any CPU
		{B2E78C7B-B7ED-43AF-A12F-8A667438A724}.Debug|ARM64.ActiveCfg = Debug|Any CPU
		{B2E78C7B-B7ED-43AF-A12F-8A667438A724}.Debug|ARM64.Build.0 = Debug|Any CPU
		{B2E78C7B-B7ED-43AF-A12F-8A667438A724}.Debug|x64.ActiveCfg = Debug|Any CPU
		{B2E78C7B-B7ED-43AF-A12F-8A667438A724}.Debug|x64.Build.0 = Debug|Any CPU
		{B2E78C7B-B7ED-43AF-A12F-8A667438A724}.Debug|x86.ActiveCfg = Debug|Any CPU
		{B2E78C7B-B7ED-43AF-A12F-8A667438A724}.Debug|x86.Build.0 = Debug|Any CPU
		{B2E78C7B-B7ED-43AF-A12F-8A667438A724}.Release|Any CPU.ActiveCfg = Release|Any CPU
		{B2E78C7B-B7ED-43AF-A12F-8A667438A724}.Release|Any CPU.Build.0 = Release|Any CPU
		{B2E78C7B-B7ED-43AF-A12F-8A667438A724}.Release|ARM.ActiveCfg = Release|Any CPU
		{B2E78C7B-B7ED-43AF-A12F-8A667438A724}.Release|ARM.Build.0 = Release|Any CPU
		{B2E78C7B-B7ED-43AF-A12F-8A667438A724}.Release|ARM64.ActiveCfg = Release|Any CPU
		{B2E78C7B-B7ED-43AF-A12F-8A667438A724}.Release|ARM64.Build.0 = Release|Any CPU
		{B2E78C7B-B7ED-43AF-A12F-8A667438A724}.Release|x64.ActiveCfg = Release|Any CPU
		{B2E78C7B-B7ED-43AF-A12F-8A667438A724}.Release|x64.Build.0 = Release|Any CPU
		{B2E78C7B-B7ED-43AF-A12F-8A667438A724}.Release|x86.ActiveCfg = Release|Any CPU
		{B2E78C7B-B7ED-43AF-A12F-8A667438A724}.Release|x86.Build.0 = Release|Any CPU
		{3A5CE7EA-B823-4D2D-97A0-75DD6ADC7214}.Debug|Any CPU.ActiveCfg = Debug|Any CPU
		{3A5CE7EA-B823-4D2D-97A0-75DD6ADC7214}.Debug|Any CPU.Build.0 = Debug|Any CPU
		{3A5CE7EA-B823-4D2D-97A0-75DD6ADC7214}.Debug|Any CPU.Deploy.0 = Debug|Any CPU
		{3A5CE7EA-B823-4D2D-97A0-75DD6ADC7214}.Debug|ARM.ActiveCfg = Debug|ARM
		{3A5CE7EA-B823-4D2D-97A0-75DD6ADC7214}.Debug|ARM.Build.0 = Debug|ARM
		{3A5CE7EA-B823-4D2D-97A0-75DD6ADC7214}.Debug|ARM.Deploy.0 = Debug|ARM
		{3A5CE7EA-B823-4D2D-97A0-75DD6ADC7214}.Debug|ARM64.ActiveCfg = Debug|ARM64
		{3A5CE7EA-B823-4D2D-97A0-75DD6ADC7214}.Debug|ARM64.Build.0 = Debug|ARM64
		{3A5CE7EA-B823-4D2D-97A0-75DD6ADC7214}.Debug|ARM64.Deploy.0 = Debug|ARM64
		{3A5CE7EA-B823-4D2D-97A0-75DD6ADC7214}.Debug|x64.ActiveCfg = Debug|x64
		{3A5CE7EA-B823-4D2D-97A0-75DD6ADC7214}.Debug|x64.Build.0 = Debug|x64
		{3A5CE7EA-B823-4D2D-97A0-75DD6ADC7214}.Debug|x64.Deploy.0 = Debug|x64
		{3A5CE7EA-B823-4D2D-97A0-75DD6ADC7214}.Debug|x86.ActiveCfg = Debug|x86
		{3A5CE7EA-B823-4D2D-97A0-75DD6ADC7214}.Debug|x86.Build.0 = Debug|x86
		{3A5CE7EA-B823-4D2D-97A0-75DD6ADC7214}.Debug|x86.Deploy.0 = Debug|x86
		{3A5CE7EA-B823-4D2D-97A0-75DD6ADC7214}.Release|Any CPU.ActiveCfg = Release|Any CPU
		{3A5CE7EA-B823-4D2D-97A0-75DD6ADC7214}.Release|Any CPU.Build.0 = Release|Any CPU
		{3A5CE7EA-B823-4D2D-97A0-75DD6ADC7214}.Release|Any CPU.Deploy.0 = Release|Any CPU
		{3A5CE7EA-B823-4D2D-97A0-75DD6ADC7214}.Release|ARM.ActiveCfg = Release|ARM
		{3A5CE7EA-B823-4D2D-97A0-75DD6ADC7214}.Release|ARM.Build.0 = Release|ARM
		{3A5CE7EA-B823-4D2D-97A0-75DD6ADC7214}.Release|ARM.Deploy.0 = Release|ARM
		{3A5CE7EA-B823-4D2D-97A0-75DD6ADC7214}.Release|ARM64.ActiveCfg = Release|ARM64
		{3A5CE7EA-B823-4D2D-97A0-75DD6ADC7214}.Release|ARM64.Build.0 = Release|ARM64
		{3A5CE7EA-B823-4D2D-97A0-75DD6ADC7214}.Release|ARM64.Deploy.0 = Release|ARM64
		{3A5CE7EA-B823-4D2D-97A0-75DD6ADC7214}.Release|x64.ActiveCfg = Release|x64
		{3A5CE7EA-B823-4D2D-97A0-75DD6ADC7214}.Release|x64.Build.0 = Release|x64
		{3A5CE7EA-B823-4D2D-97A0-75DD6ADC7214}.Release|x64.Deploy.0 = Release|x64
		{3A5CE7EA-B823-4D2D-97A0-75DD6ADC7214}.Release|x86.ActiveCfg = Release|x86
		{3A5CE7EA-B823-4D2D-97A0-75DD6ADC7214}.Release|x86.Build.0 = Release|x86
		{3A5CE7EA-B823-4D2D-97A0-75DD6ADC7214}.Release|x86.Deploy.0 = Release|x86
		{78E56B4A-0C62-4BC4-A5D7-F95CDE51B98E}.Debug|Any CPU.ActiveCfg = Debug|Any CPU
		{78E56B4A-0C62-4BC4-A5D7-F95CDE51B98E}.Debug|Any CPU.Build.0 = Debug|Any CPU
		{78E56B4A-0C62-4BC4-A5D7-F95CDE51B98E}.Debug|ARM.ActiveCfg = Debug|Any CPU
		{78E56B4A-0C62-4BC4-A5D7-F95CDE51B98E}.Debug|ARM.Build.0 = Debug|Any CPU
		{78E56B4A-0C62-4BC4-A5D7-F95CDE51B98E}.Debug|ARM64.ActiveCfg = Debug|Any CPU
		{78E56B4A-0C62-4BC4-A5D7-F95CDE51B98E}.Debug|ARM64.Build.0 = Debug|Any CPU
		{78E56B4A-0C62-4BC4-A5D7-F95CDE51B98E}.Debug|x64.ActiveCfg = Debug|Any CPU
		{78E56B4A-0C62-4BC4-A5D7-F95CDE51B98E}.Debug|x64.Build.0 = Debug|Any CPU
		{78E56B4A-0C62-4BC4-A5D7-F95CDE51B98E}.Debug|x86.ActiveCfg = Debug|Any CPU
		{78E56B4A-0C62-4BC4-A5D7-F95CDE51B98E}.Debug|x86.Build.0 = Debug|Any CPU
		{78E56B4A-0C62-4BC4-A5D7-F95CDE51B98E}.Release|Any CPU.ActiveCfg = Release|Any CPU
		{78E56B4A-0C62-4BC4-A5D7-F95CDE51B98E}.Release|Any CPU.Build.0 = Release|Any CPU
		{78E56B4A-0C62-4BC4-A5D7-F95CDE51B98E}.Release|ARM.ActiveCfg = Release|Any CPU
		{78E56B4A-0C62-4BC4-A5D7-F95CDE51B98E}.Release|ARM.Build.0 = Release|Any CPU
		{78E56B4A-0C62-4BC4-A5D7-F95CDE51B98E}.Release|ARM64.ActiveCfg = Release|Any CPU
		{78E56B4A-0C62-4BC4-A5D7-F95CDE51B98E}.Release|ARM64.Build.0 = Release|Any CPU
		{78E56B4A-0C62-4BC4-A5D7-F95CDE51B98E}.Release|x64.ActiveCfg = Release|Any CPU
		{78E56B4A-0C62-4BC4-A5D7-F95CDE51B98E}.Release|x64.Build.0 = Release|Any CPU
		{78E56B4A-0C62-4BC4-A5D7-F95CDE51B98E}.Release|x86.ActiveCfg = Release|Any CPU
		{78E56B4A-0C62-4BC4-A5D7-F95CDE51B98E}.Release|x86.Build.0 = Release|Any CPU
		{E215D475-72BB-4C57-AC97-B59D35A50FD3}.Debug|Any CPU.ActiveCfg = Debug|Any CPU
		{E215D475-72BB-4C57-AC97-B59D35A50FD3}.Debug|Any CPU.Build.0 = Debug|Any CPU
		{E215D475-72BB-4C57-AC97-B59D35A50FD3}.Debug|ARM.ActiveCfg = Debug|Any CPU
		{E215D475-72BB-4C57-AC97-B59D35A50FD3}.Debug|ARM.Build.0 = Debug|Any CPU
		{E215D475-72BB-4C57-AC97-B59D35A50FD3}.Debug|ARM64.ActiveCfg = Debug|Any CPU
		{E215D475-72BB-4C57-AC97-B59D35A50FD3}.Debug|ARM64.Build.0 = Debug|Any CPU
		{E215D475-72BB-4C57-AC97-B59D35A50FD3}.Debug|x64.ActiveCfg = Debug|Any CPU
		{E215D475-72BB-4C57-AC97-B59D35A50FD3}.Debug|x64.Build.0 = Debug|Any CPU
		{E215D475-72BB-4C57-AC97-B59D35A50FD3}.Debug|x86.ActiveCfg = Debug|Any CPU
		{E215D475-72BB-4C57-AC97-B59D35A50FD3}.Debug|x86.Build.0 = Debug|Any CPU
		{E215D475-72BB-4C57-AC97-B59D35A50FD3}.Release|Any CPU.ActiveCfg = Release|Any CPU
		{E215D475-72BB-4C57-AC97-B59D35A50FD3}.Release|Any CPU.Build.0 = Release|Any CPU
		{E215D475-72BB-4C57-AC97-B59D35A50FD3}.Release|ARM.ActiveCfg = Release|Any CPU
		{E215D475-72BB-4C57-AC97-B59D35A50FD3}.Release|ARM.Build.0 = Release|Any CPU
		{E215D475-72BB-4C57-AC97-B59D35A50FD3}.Release|ARM64.ActiveCfg = Release|Any CPU
		{E215D475-72BB-4C57-AC97-B59D35A50FD3}.Release|ARM64.Build.0 = Release|Any CPU
		{E215D475-72BB-4C57-AC97-B59D35A50FD3}.Release|x64.ActiveCfg = Release|Any CPU
		{E215D475-72BB-4C57-AC97-B59D35A50FD3}.Release|x64.Build.0 = Release|Any CPU
		{E215D475-72BB-4C57-AC97-B59D35A50FD3}.Release|x86.ActiveCfg = Release|Any CPU
		{E215D475-72BB-4C57-AC97-B59D35A50FD3}.Release|x86.Build.0 = Release|Any CPU
		{45512DAD-F377-4BA4-8FF6-6EC4984050A9}.Debug|Any CPU.ActiveCfg = Debug|Any CPU
		{45512DAD-F377-4BA4-8FF6-6EC4984050A9}.Debug|Any CPU.Build.0 = Debug|Any CPU
		{45512DAD-F377-4BA4-8FF6-6EC4984050A9}.Debug|ARM.ActiveCfg = Debug|Any CPU
		{45512DAD-F377-4BA4-8FF6-6EC4984050A9}.Debug|ARM.Build.0 = Debug|Any CPU
		{45512DAD-F377-4BA4-8FF6-6EC4984050A9}.Debug|ARM64.ActiveCfg = Debug|Any CPU
		{45512DAD-F377-4BA4-8FF6-6EC4984050A9}.Debug|ARM64.Build.0 = Debug|Any CPU
		{45512DAD-F377-4BA4-8FF6-6EC4984050A9}.Debug|x64.ActiveCfg = Debug|Any CPU
		{45512DAD-F377-4BA4-8FF6-6EC4984050A9}.Debug|x64.Build.0 = Debug|Any CPU
		{45512DAD-F377-4BA4-8FF6-6EC4984050A9}.Debug|x86.ActiveCfg = Debug|Any CPU
		{45512DAD-F377-4BA4-8FF6-6EC4984050A9}.Debug|x86.Build.0 = Debug|Any CPU
		{45512DAD-F377-4BA4-8FF6-6EC4984050A9}.Release|Any CPU.ActiveCfg = Release|Any CPU
		{45512DAD-F377-4BA4-8FF6-6EC4984050A9}.Release|Any CPU.Build.0 = Release|Any CPU
		{45512DAD-F377-4BA4-8FF6-6EC4984050A9}.Release|ARM.ActiveCfg = Release|Any CPU
		{45512DAD-F377-4BA4-8FF6-6EC4984050A9}.Release|ARM.Build.0 = Release|Any CPU
		{45512DAD-F377-4BA4-8FF6-6EC4984050A9}.Release|ARM64.ActiveCfg = Release|Any CPU
		{45512DAD-F377-4BA4-8FF6-6EC4984050A9}.Release|ARM64.Build.0 = Release|Any CPU
		{45512DAD-F377-4BA4-8FF6-6EC4984050A9}.Release|x64.ActiveCfg = Release|Any CPU
		{45512DAD-F377-4BA4-8FF6-6EC4984050A9}.Release|x64.Build.0 = Release|Any CPU
		{45512DAD-F377-4BA4-8FF6-6EC4984050A9}.Release|x86.ActiveCfg = Release|Any CPU
		{45512DAD-F377-4BA4-8FF6-6EC4984050A9}.Release|x86.Build.0 = Release|Any CPU
		{CA3F5F67-D237-4BE3-8C8E-91C637725EB0}.Debug|Any CPU.ActiveCfg = Debug|Any CPU
		{CA3F5F67-D237-4BE3-8C8E-91C637725EB0}.Debug|Any CPU.Build.0 = Debug|Any CPU
		{CA3F5F67-D237-4BE3-8C8E-91C637725EB0}.Debug|ARM.ActiveCfg = Debug|Any CPU
		{CA3F5F67-D237-4BE3-8C8E-91C637725EB0}.Debug|ARM.Build.0 = Debug|Any CPU
		{CA3F5F67-D237-4BE3-8C8E-91C637725EB0}.Debug|ARM64.ActiveCfg = Debug|Any CPU
		{CA3F5F67-D237-4BE3-8C8E-91C637725EB0}.Debug|ARM64.Build.0 = Debug|Any CPU
		{CA3F5F67-D237-4BE3-8C8E-91C637725EB0}.Debug|x64.ActiveCfg = Debug|Any CPU
		{CA3F5F67-D237-4BE3-8C8E-91C637725EB0}.Debug|x64.Build.0 = Debug|Any CPU
		{CA3F5F67-D237-4BE3-8C8E-91C637725EB0}.Debug|x86.ActiveCfg = Debug|Any CPU
		{CA3F5F67-D237-4BE3-8C8E-91C637725EB0}.Debug|x86.Build.0 = Debug|Any CPU
		{CA3F5F67-D237-4BE3-8C8E-91C637725EB0}.Release|Any CPU.ActiveCfg = Release|Any CPU
		{CA3F5F67-D237-4BE3-8C8E-91C637725EB0}.Release|Any CPU.Build.0 = Release|Any CPU
		{CA3F5F67-D237-4BE3-8C8E-91C637725EB0}.Release|ARM.ActiveCfg = Release|Any CPU
		{CA3F5F67-D237-4BE3-8C8E-91C637725EB0}.Release|ARM.Build.0 = Release|Any CPU
		{CA3F5F67-D237-4BE3-8C8E-91C637725EB0}.Release|ARM64.ActiveCfg = Release|Any CPU
		{CA3F5F67-D237-4BE3-8C8E-91C637725EB0}.Release|ARM64.Build.0 = Release|Any CPU
		{CA3F5F67-D237-4BE3-8C8E-91C637725EB0}.Release|x64.ActiveCfg = Release|Any CPU
		{CA3F5F67-D237-4BE3-8C8E-91C637725EB0}.Release|x64.Build.0 = Release|Any CPU
		{CA3F5F67-D237-4BE3-8C8E-91C637725EB0}.Release|x86.ActiveCfg = Release|Any CPU
		{CA3F5F67-D237-4BE3-8C8E-91C637725EB0}.Release|x86.Build.0 = Release|Any CPU
		{FD573308-E337-45CB-804B-679FE9C28C46}.Debug|Any CPU.ActiveCfg = Debug|Any CPU
		{FD573308-E337-45CB-804B-679FE9C28C46}.Debug|Any CPU.Build.0 = Debug|Any CPU
		{FD573308-E337-45CB-804B-679FE9C28C46}.Debug|ARM.ActiveCfg = Debug|Any CPU
		{FD573308-E337-45CB-804B-679FE9C28C46}.Debug|ARM.Build.0 = Debug|Any CPU
		{FD573308-E337-45CB-804B-679FE9C28C46}.Debug|ARM64.ActiveCfg = Debug|Any CPU
		{FD573308-E337-45CB-804B-679FE9C28C46}.Debug|ARM64.Build.0 = Debug|Any CPU
		{FD573308-E337-45CB-804B-679FE9C28C46}.Debug|x64.ActiveCfg = Debug|Any CPU
		{FD573308-E337-45CB-804B-679FE9C28C46}.Debug|x64.Build.0 = Debug|Any CPU
		{FD573308-E337-45CB-804B-679FE9C28C46}.Debug|x86.ActiveCfg = Debug|Any CPU
		{FD573308-E337-45CB-804B-679FE9C28C46}.Debug|x86.Build.0 = Debug|Any CPU
		{FD573308-E337-45CB-804B-679FE9C28C46}.Release|Any CPU.ActiveCfg = Release|Any CPU
		{FD573308-E337-45CB-804B-679FE9C28C46}.Release|Any CPU.Build.0 = Release|Any CPU
		{FD573308-E337-45CB-804B-679FE9C28C46}.Release|ARM.ActiveCfg = Release|Any CPU
		{FD573308-E337-45CB-804B-679FE9C28C46}.Release|ARM.Build.0 = Release|Any CPU
		{FD573308-E337-45CB-804B-679FE9C28C46}.Release|ARM64.ActiveCfg = Release|Any CPU
		{FD573308-E337-45CB-804B-679FE9C28C46}.Release|ARM64.Build.0 = Release|Any CPU
		{FD573308-E337-45CB-804B-679FE9C28C46}.Release|x64.ActiveCfg = Release|Any CPU
		{FD573308-E337-45CB-804B-679FE9C28C46}.Release|x64.Build.0 = Release|Any CPU
		{FD573308-E337-45CB-804B-679FE9C28C46}.Release|x86.ActiveCfg = Release|Any CPU
		{FD573308-E337-45CB-804B-679FE9C28C46}.Release|x86.Build.0 = Release|Any CPU
	EndGlobalSection
	GlobalSection(SolutionProperties) = preSolution
		HideSolutionNode = FALSE
	EndGlobalSection
	GlobalSection(ExtensibilityGlobals) = postSolution
		SolutionGuid = {202C03BB-F0ED-4DEF-BBA6-9210ADAAAA00}
	EndGlobalSection
EndGlobal
